// !$*UTF8*$!
{
	archiveVersion = 1;
	classes = {
	};
	objectVersion = 46;
	objects = {

/* Begin PBXBuildFile section */
		4F9F62D70543E85C505FDD9C /* libPods.a in Frameworks */ = {isa = PBXBuildFile; fileRef = A89C4960E17F13A3FDA7F3DB /* libPods.a */; };
		6E04266E1BC757C500F984B8 /* main.m in Sources */ = {isa = PBXBuildFile; fileRef = 6E04266D1BC757C500F984B8 /* main.m */; };
		6E0426711BC757C500F984B8 /* AppDelegate.m in Sources */ = {isa = PBXBuildFile; fileRef = 6E0426701BC757C500F984B8 /* AppDelegate.m */; };
		6E0426791BC757C500F984B8 /* Assets.xcassets in Resources */ = {isa = PBXBuildFile; fileRef = 6E0426781BC757C500F984B8 /* Assets.xcassets */; };
		6E04267C1BC757C500F984B8 /* LaunchScreen.storyboard in Resources */ = {isa = PBXBuildFile; fileRef = 6E04267A1BC757C500F984B8 /* LaunchScreen.storyboard */; };
		6E0426871BC757C500F984B8 /* jianfanjia_designerTests.m in Sources */ = {isa = PBXBuildFile; fileRef = 6E0426861BC757C500F984B8 /* jianfanjia_designerTests.m */; };
		6E0426921BC757C500F984B8 /* jianfanjia_designerUITests.m in Sources */ = {isa = PBXBuildFile; fileRef = 6E0426911BC757C500F984B8 /* jianfanjia_designerUITests.m */; };
		6E378B331BDA261D00908B77 /* Lib.framework in Frameworks */ = {isa = PBXBuildFile; fileRef = 6E378B321BDA261D00908B77 /* Lib.framework */; };
		6E378D2F1BDA2D2E00908B77 /* API.m in Sources */ = {isa = PBXBuildFile; fileRef = 6E378CD01BDA2D2E00908B77 /* API.m */; };
		6E378D301BDA2D2E00908B77 /* BaseRequest.m in Sources */ = {isa = PBXBuildFile; fileRef = 6E378CD31BDA2D2E00908B77 /* BaseRequest.m */; };
		6E378D311BDA2D2E00908B77 /* GetProcess.m in Sources */ = {isa = PBXBuildFile; fileRef = 6E378CD51BDA2D2E00908B77 /* GetProcess.m */; };
		6E378D321BDA2D2E00908B77 /* GetUserRequirement.m in Sources */ = {isa = PBXBuildFile; fileRef = 6E378CD71BDA2D2E00908B77 /* GetUserRequirement.m */; };
		6E378D331BDA2D2E00908B77 /* Login.m in Sources */ = {isa = PBXBuildFile; fileRef = 6E378CD91BDA2D2E00908B77 /* Login.m */; };
		6E378D341BDA2D2E00908B77 /* ProcessList.m in Sources */ = {isa = PBXBuildFile; fileRef = 6E378CDB1BDA2D2E00908B77 /* ProcessList.m */; };
		6E378D351BDA2D2E00908B77 /* SendVerifyCode.m in Sources */ = {isa = PBXBuildFile; fileRef = 6E378CDE1BDA2D2E00908B77 /* SendVerifyCode.m */; };
		6E378D361BDA2D2E00908B77 /* AccountBusiness.m in Sources */ = {isa = PBXBuildFile; fileRef = 6E378CE11BDA2D2E00908B77 /* AccountBusiness.m */; };
		6E378D371BDA2D2E00908B77 /* Bc.m in Sources */ = {isa = PBXBuildFile; fileRef = 6E378CE31BDA2D2E00908B77 /* Bc.m */; };
		6E378D381BDA2D2E00908B77 /* ProcessBusiness.m in Sources */ = {isa = PBXBuildFile; fileRef = 6E378CE61BDA2D2E00908B77 /* ProcessBusiness.m */; };
		6E378D391BDA2D2E00908B77 /* CoreDataManager.m in Sources */ = {isa = PBXBuildFile; fileRef = 6E378CE91BDA2D2E00908B77 /* CoreDataManager.m */; };
		6E378D3A1BDA2D2E00908B77 /* DesignerCD+CoreDataProperties.m in Sources */ = {isa = PBXBuildFile; fileRef = 6E378CEB1BDA2D2E00908B77 /* DesignerCD+CoreDataProperties.m */; };
		6E378D3B1BDA2D2E00908B77 /* DesignerCD.m in Sources */ = {isa = PBXBuildFile; fileRef = 6E378CED1BDA2D2E00908B77 /* DesignerCD.m */; };
		6E378D3C1BDA2D2E00908B77 /* DesignerToData.m in Sources */ = {isa = PBXBuildFile; fileRef = 6E378CEF1BDA2D2E00908B77 /* DesignerToData.m */; };
		6E378D3D1BDA2D2E00908B77 /* Model.xcdatamodeld in Sources */ = {isa = PBXBuildFile; fileRef = 6E378CF01BDA2D2E00908B77 /* Model.xcdatamodeld */; };
		6E378D3E1BDA2D2E00908B77 /* ProcessCD+CoreDataProperties.m in Sources */ = {isa = PBXBuildFile; fileRef = 6E378CF31BDA2D2E00908B77 /* ProcessCD+CoreDataProperties.m */; };
		6E378D3F1BDA2D2E00908B77 /* ProcessCD.m in Sources */ = {isa = PBXBuildFile; fileRef = 6E378CF51BDA2D2E00908B77 /* ProcessCD.m */; };
		6E378D401BDA2D2E00908B77 /* ProcessToData.m in Sources */ = {isa = PBXBuildFile; fileRef = 6E378CF71BDA2D2E00908B77 /* ProcessToData.m */; };
		6E378D411BDA2D2E00908B77 /* UserCD+CoreDataProperties.m in Sources */ = {isa = PBXBuildFile; fileRef = 6E378CF91BDA2D2E00908B77 /* UserCD+CoreDataProperties.m */; };
		6E378D421BDA2D2E00908B77 /* UserCD.m in Sources */ = {isa = PBXBuildFile; fileRef = 6E378CFB1BDA2D2E00908B77 /* UserCD.m */; };
		6E378D431BDA2D2E00908B77 /* UserToData.m in Sources */ = {isa = PBXBuildFile; fileRef = 6E378CFD1BDA2D2E00908B77 /* UserToData.m */; };
		6E378D441BDA2D2E00908B77 /* NSManagedObject+Ex.m in Sources */ = {isa = PBXBuildFile; fileRef = 6E378D011BDA2D2E00908B77 /* NSManagedObject+Ex.m */; };
		6E378D451BDA2D2E00908B77 /* NSManagedObjectContext+Ex.m in Sources */ = {isa = PBXBuildFile; fileRef = 6E378D031BDA2D2E00908B77 /* NSManagedObjectContext+Ex.m */; };
		6E378D461BDA2D2E00908B77 /* NSObject+Ex.m in Sources */ = {isa = PBXBuildFile; fileRef = 6E378D051BDA2D2E00908B77 /* NSObject+Ex.m */; };
		6E378D471BDA2D2E00908B77 /* NSString+Ex.m in Sources */ = {isa = PBXBuildFile; fileRef = 6E378D071BDA2D2E00908B77 /* NSString+Ex.m */; };
		6E378D481BDA2D2E00908B77 /* UIButton+Ex.m in Sources */ = {isa = PBXBuildFile; fileRef = 6E378D091BDA2D2E00908B77 /* UIButton+Ex.m */; };
		6E378D491BDA2D2E00908B77 /* UIImageView+Ex.m in Sources */ = {isa = PBXBuildFile; fileRef = 6E378D0B1BDA2D2E00908B77 /* UIImageView+Ex.m */; };
		6E378D4A1BDA2D2E00908B77 /* UIView+Ex.m in Sources */ = {isa = PBXBuildFile; fileRef = 6E378D0D1BDA2D2E00908B77 /* UIView+Ex.m */; };
		6E378D4B1BDA2D2E00908B77 /* DataManager.m in Sources */ = {isa = PBXBuildFile; fileRef = 6E378D101BDA2D2E00908B77 /* DataManager.m */; };
		6E378D4C1BDA2D2E00908B77 /* GVUserDefaults+Manager.m in Sources */ = {isa = PBXBuildFile; fileRef = 6E378D121BDA2D2E00908B77 /* GVUserDefaults+Manager.m */; };
		6E378D4D1BDA2D2E00908B77 /* BaseModel.m in Sources */ = {isa = PBXBuildFile; fileRef = 6E378D161BDA2D2E00908B77 /* BaseModel.m */; };
		6E378D4E1BDA2D2E00908B77 /* Comment.m in Sources */ = {isa = PBXBuildFile; fileRef = 6E378D181BDA2D2E00908B77 /* Comment.m */; };
		6E378D4F1BDA2D2E00908B77 /* Designer.m in Sources */ = {isa = PBXBuildFile; fileRef = 6E378D1A1BDA2D2E00908B77 /* Designer.m */; };
		6E378D501BDA2D2E00908B77 /* Item.m in Sources */ = {isa = PBXBuildFile; fileRef = 6E378D1C1BDA2D2E00908B77 /* Item.m */; };
		6E378D511BDA2D2E00908B77 /* Process.m in Sources */ = {isa = PBXBuildFile; fileRef = 6E378D1F1BDA2D2E00908B77 /* Process.m */; };
		6E378D521BDA2D2E00908B77 /* Section.m in Sources */ = {isa = PBXBuildFile; fileRef = 6E378D211BDA2D2E00908B77 /* Section.m */; };
		6E378D531BDA2D2E00908B77 /* User.m in Sources */ = {isa = PBXBuildFile; fileRef = 6E378D231BDA2D2E00908B77 /* User.m */; };
		6E378D541BDA2D2E00908B77 /* Ys.m in Sources */ = {isa = PBXBuildFile; fileRef = 6E378D251BDA2D2E00908B77 /* Ys.m */; };
		6E378D551BDA2D2E00908B77 /* BaseDynamicObject.m in Sources */ = {isa = PBXBuildFile; fileRef = 6E378D281BDA2D2E00908B77 /* BaseDynamicObject.m */; };
		6E378D561BDA2D2E00908B77 /* HUDUtil.m in Sources */ = {isa = PBXBuildFile; fileRef = 6E378D2A1BDA2D2E00908B77 /* HUDUtil.m */; };
		6E378D571BDA2D2E00908B77 /* LogFormatter.m in Sources */ = {isa = PBXBuildFile; fileRef = 6E378D2C1BDA2D2E00908B77 /* LogFormatter.m */; };
/* End PBXBuildFile section */

/* Begin PBXContainerItemProxy section */
		6E0426831BC757C500F984B8 /* PBXContainerItemProxy */ = {
			isa = PBXContainerItemProxy;
			containerPortal = 6E0426611BC757C500F984B8 /* Project object */;
			proxyType = 1;
			remoteGlobalIDString = 6E0426681BC757C500F984B8;
			remoteInfo = "jianfanjia-designer";
		};
		6E04268E1BC757C500F984B8 /* PBXContainerItemProxy */ = {
			isa = PBXContainerItemProxy;
			containerPortal = 6E0426611BC757C500F984B8 /* Project object */;
			proxyType = 1;
			remoteGlobalIDString = 6E0426681BC757C500F984B8;
			remoteInfo = "jianfanjia-designer";
		};
/* End PBXContainerItemProxy section */

/* Begin PBXFileReference section */
		19D4B2E529E31306DF810865 /* Pods.debug.xcconfig */ = {isa = PBXFileReference; includeInIndex = 1; lastKnownFileType = text.xcconfig; name = Pods.debug.xcconfig; path = "Pods/Target Support Files/Pods/Pods.debug.xcconfig"; sourceTree = "<group>"; };
		6E0426691BC757C500F984B8 /* jianfanjia-designer.app */ = {isa = PBXFileReference; explicitFileType = wrapper.application; includeInIndex = 0; path = "jianfanjia-designer.app"; sourceTree = BUILT_PRODUCTS_DIR; };
		6E04266D1BC757C500F984B8 /* main.m */ = {isa = PBXFileReference; lastKnownFileType = sourcecode.c.objc; path = main.m; sourceTree = "<group>"; };
		6E04266F1BC757C500F984B8 /* AppDelegate.h */ = {isa = PBXFileReference; lastKnownFileType = sourcecode.c.h; path = AppDelegate.h; sourceTree = "<group>"; };
		6E0426701BC757C500F984B8 /* AppDelegate.m */ = {isa = PBXFileReference; lastKnownFileType = sourcecode.c.objc; path = AppDelegate.m; sourceTree = "<group>"; };
		6E0426781BC757C500F984B8 /* Assets.xcassets */ = {isa = PBXFileReference; lastKnownFileType = folder.assetcatalog; path = Assets.xcassets; sourceTree = "<group>"; };
		6E04267B1BC757C500F984B8 /* Base */ = {isa = PBXFileReference; lastKnownFileType = file.storyboard; name = Base; path = Base.lproj/LaunchScreen.storyboard; sourceTree = "<group>"; };
		6E04267D1BC757C500F984B8 /* Info.plist */ = {isa = PBXFileReference; lastKnownFileType = text.plist.xml; path = Info.plist; sourceTree = "<group>"; };
		6E0426821BC757C500F984B8 /* jianfanjia-designerTests.xctest */ = {isa = PBXFileReference; explicitFileType = wrapper.cfbundle; includeInIndex = 0; path = "jianfanjia-designerTests.xctest"; sourceTree = BUILT_PRODUCTS_DIR; };
		6E0426861BC757C500F984B8 /* jianfanjia_designerTests.m */ = {isa = PBXFileReference; lastKnownFileType = sourcecode.c.objc; path = jianfanjia_designerTests.m; sourceTree = "<group>"; };
		6E0426881BC757C500F984B8 /* Info.plist */ = {isa = PBXFileReference; lastKnownFileType = text.plist.xml; path = Info.plist; sourceTree = "<group>"; };
		6E04268D1BC757C500F984B8 /* jianfanjia-designerUITests.xctest */ = {isa = PBXFileReference; explicitFileType = wrapper.cfbundle; includeInIndex = 0; path = "jianfanjia-designerUITests.xctest"; sourceTree = BUILT_PRODUCTS_DIR; };
		6E0426911BC757C500F984B8 /* jianfanjia_designerUITests.m */ = {isa = PBXFileReference; lastKnownFileType = sourcecode.c.objc; path = jianfanjia_designerUITests.m; sourceTree = "<group>"; };
		6E0426931BC757C500F984B8 /* Info.plist */ = {isa = PBXFileReference; lastKnownFileType = text.plist.xml; path = Info.plist; sourceTree = "<group>"; };
		6E0427271BC75E8600F984B8 /* PrefixHeader.pch */ = {isa = PBXFileReference; fileEncoding = 4; lastKnownFileType = sourcecode.c.h; path = PrefixHeader.pch; sourceTree = "<group>"; };
		6E0427281BC75EAF00F984B8 /* Pods.h */ = {isa = PBXFileReference; fileEncoding = 4; lastKnownFileType = sourcecode.c.h; path = Pods.h; sourceTree = "<group>"; };
		6E378B321BDA261D00908B77 /* Lib.framework */ = {isa = PBXFileReference; lastKnownFileType = wrapper.framework; name = Lib.framework; path = "../Lib/build/Debug-iphoneos/Lib.framework"; sourceTree = "<group>"; };
		6E378CCF1BDA2D2E00908B77 /* API.h */ = {isa = PBXFileReference; fileEncoding = 4; lastKnownFileType = sourcecode.c.h; path = API.h; sourceTree = "<group>"; };
		6E378CD01BDA2D2E00908B77 /* API.m */ = {isa = PBXFileReference; fileEncoding = 4; lastKnownFileType = sourcecode.c.objc; path = API.m; sourceTree = "<group>"; };
		6E378CD21BDA2D2E00908B77 /* BaseRequest.h */ = {isa = PBXFileReference; fileEncoding = 4; lastKnownFileType = sourcecode.c.h; path = BaseRequest.h; sourceTree = "<group>"; };
		6E378CD31BDA2D2E00908B77 /* BaseRequest.m */ = {isa = PBXFileReference; fileEncoding = 4; lastKnownFileType = sourcecode.c.objc; path = BaseRequest.m; sourceTree = "<group>"; };
		6E378CD41BDA2D2E00908B77 /* GetProcess.h */ = {isa = PBXFileReference; fileEncoding = 4; lastKnownFileType = sourcecode.c.h; path = GetProcess.h; sourceTree = "<group>"; };
		6E378CD51BDA2D2E00908B77 /* GetProcess.m */ = {isa = PBXFileReference; fileEncoding = 4; lastKnownFileType = sourcecode.c.objc; path = GetProcess.m; sourceTree = "<group>"; };
		6E378CD61BDA2D2E00908B77 /* GetUserRequirement.h */ = {isa = PBXFileReference; fileEncoding = 4; lastKnownFileType = sourcecode.c.h; path = GetUserRequirement.h; sourceTree = "<group>"; };
		6E378CD71BDA2D2E00908B77 /* GetUserRequirement.m */ = {isa = PBXFileReference; fileEncoding = 4; lastKnownFileType = sourcecode.c.objc; path = GetUserRequirement.m; sourceTree = "<group>"; };
		6E378CD81BDA2D2E00908B77 /* Login.h */ = {isa = PBXFileReference; fileEncoding = 4; lastKnownFileType = sourcecode.c.h; path = Login.h; sourceTree = "<group>"; };
		6E378CD91BDA2D2E00908B77 /* Login.m */ = {isa = PBXFileReference; fileEncoding = 4; lastKnownFileType = sourcecode.c.objc; path = Login.m; sourceTree = "<group>"; };
		6E378CDA1BDA2D2E00908B77 /* ProcessList.h */ = {isa = PBXFileReference; fileEncoding = 4; lastKnownFileType = sourcecode.c.h; path = ProcessList.h; sourceTree = "<group>"; };
		6E378CDB1BDA2D2E00908B77 /* ProcessList.m */ = {isa = PBXFileReference; fileEncoding = 4; lastKnownFileType = sourcecode.c.objc; path = ProcessList.m; sourceTree = "<group>"; };
		6E378CDC1BDA2D2E00908B77 /* Request.h */ = {isa = PBXFileReference; fileEncoding = 4; lastKnownFileType = sourcecode.c.h; path = Request.h; sourceTree = "<group>"; };
		6E378CDD1BDA2D2E00908B77 /* SendVerifyCode.h */ = {isa = PBXFileReference; fileEncoding = 4; lastKnownFileType = sourcecode.c.h; path = SendVerifyCode.h; sourceTree = "<group>"; };
		6E378CDE1BDA2D2E00908B77 /* SendVerifyCode.m */ = {isa = PBXFileReference; fileEncoding = 4; lastKnownFileType = sourcecode.c.objc; path = SendVerifyCode.m; sourceTree = "<group>"; };
		6E378CE01BDA2D2E00908B77 /* AccountBusiness.h */ = {isa = PBXFileReference; fileEncoding = 4; lastKnownFileType = sourcecode.c.h; path = AccountBusiness.h; sourceTree = "<group>"; };
		6E378CE11BDA2D2E00908B77 /* AccountBusiness.m */ = {isa = PBXFileReference; fileEncoding = 4; lastKnownFileType = sourcecode.c.objc; path = AccountBusiness.m; sourceTree = "<group>"; };
		6E378CE21BDA2D2E00908B77 /* Bc.h */ = {isa = PBXFileReference; fileEncoding = 4; lastKnownFileType = sourcecode.c.h; path = Bc.h; sourceTree = "<group>"; };
		6E378CE31BDA2D2E00908B77 /* Bc.m */ = {isa = PBXFileReference; fileEncoding = 4; lastKnownFileType = sourcecode.c.objc; path = Bc.m; sourceTree = "<group>"; };
		6E378CE41BDA2D2E00908B77 /* Business.h */ = {isa = PBXFileReference; fileEncoding = 4; lastKnownFileType = sourcecode.c.h; path = Business.h; sourceTree = "<group>"; };
		6E378CE51BDA2D2E00908B77 /* ProcessBusiness.h */ = {isa = PBXFileReference; fileEncoding = 4; lastKnownFileType = sourcecode.c.h; path = ProcessBusiness.h; sourceTree = "<group>"; };
		6E378CE61BDA2D2E00908B77 /* ProcessBusiness.m */ = {isa = PBXFileReference; fileEncoding = 4; lastKnownFileType = sourcecode.c.objc; path = ProcessBusiness.m; sourceTree = "<group>"; };
		6E378CE81BDA2D2E00908B77 /* CoreDataManager.h */ = {isa = PBXFileReference; fileEncoding = 4; lastKnownFileType = sourcecode.c.h; path = CoreDataManager.h; sourceTree = "<group>"; };
		6E378CE91BDA2D2E00908B77 /* CoreDataManager.m */ = {isa = PBXFileReference; fileEncoding = 4; lastKnownFileType = sourcecode.c.objc; path = CoreDataManager.m; sourceTree = "<group>"; };
		6E378CEA1BDA2D2E00908B77 /* DesignerCD+CoreDataProperties.h */ = {isa = PBXFileReference; fileEncoding = 4; lastKnownFileType = sourcecode.c.h; path = "DesignerCD+CoreDataProperties.h"; sourceTree = "<group>"; };
		6E378CEB1BDA2D2E00908B77 /* DesignerCD+CoreDataProperties.m */ = {isa = PBXFileReference; fileEncoding = 4; lastKnownFileType = sourcecode.c.objc; path = "DesignerCD+CoreDataProperties.m"; sourceTree = "<group>"; };
		6E378CEC1BDA2D2E00908B77 /* DesignerCD.h */ = {isa = PBXFileReference; fileEncoding = 4; lastKnownFileType = sourcecode.c.h; path = DesignerCD.h; sourceTree = "<group>"; };
		6E378CED1BDA2D2E00908B77 /* DesignerCD.m */ = {isa = PBXFileReference; fileEncoding = 4; lastKnownFileType = sourcecode.c.objc; path = DesignerCD.m; sourceTree = "<group>"; };
		6E378CEE1BDA2D2E00908B77 /* DesignerToData.h */ = {isa = PBXFileReference; fileEncoding = 4; lastKnownFileType = sourcecode.c.h; path = DesignerToData.h; sourceTree = "<group>"; };
		6E378CEF1BDA2D2E00908B77 /* DesignerToData.m */ = {isa = PBXFileReference; fileEncoding = 4; lastKnownFileType = sourcecode.c.objc; path = DesignerToData.m; sourceTree = "<group>"; };
		6E378CF11BDA2D2E00908B77 /* Model.xcdatamodel */ = {isa = PBXFileReference; lastKnownFileType = wrapper.xcdatamodel; path = Model.xcdatamodel; sourceTree = "<group>"; };
		6E378CF21BDA2D2E00908B77 /* ProcessCD+CoreDataProperties.h */ = {isa = PBXFileReference; fileEncoding = 4; lastKnownFileType = sourcecode.c.h; path = "ProcessCD+CoreDataProperties.h"; sourceTree = "<group>"; };
		6E378CF31BDA2D2E00908B77 /* ProcessCD+CoreDataProperties.m */ = {isa = PBXFileReference; fileEncoding = 4; lastKnownFileType = sourcecode.c.objc; path = "ProcessCD+CoreDataProperties.m"; sourceTree = "<group>"; };
		6E378CF41BDA2D2E00908B77 /* ProcessCD.h */ = {isa = PBXFileReference; fileEncoding = 4; lastKnownFileType = sourcecode.c.h; path = ProcessCD.h; sourceTree = "<group>"; };
		6E378CF51BDA2D2E00908B77 /* ProcessCD.m */ = {isa = PBXFileReference; fileEncoding = 4; lastKnownFileType = sourcecode.c.objc; path = ProcessCD.m; sourceTree = "<group>"; };
		6E378CF61BDA2D2E00908B77 /* ProcessToData.h */ = {isa = PBXFileReference; fileEncoding = 4; lastKnownFileType = sourcecode.c.h; path = ProcessToData.h; sourceTree = "<group>"; };
		6E378CF71BDA2D2E00908B77 /* ProcessToData.m */ = {isa = PBXFileReference; fileEncoding = 4; lastKnownFileType = sourcecode.c.objc; path = ProcessToData.m; sourceTree = "<group>"; };
		6E378CF81BDA2D2E00908B77 /* UserCD+CoreDataProperties.h */ = {isa = PBXFileReference; fileEncoding = 4; lastKnownFileType = sourcecode.c.h; path = "UserCD+CoreDataProperties.h"; sourceTree = "<group>"; };
		6E378CF91BDA2D2E00908B77 /* UserCD+CoreDataProperties.m */ = {isa = PBXFileReference; fileEncoding = 4; lastKnownFileType = sourcecode.c.objc; path = "UserCD+CoreDataProperties.m"; sourceTree = "<group>"; };
		6E378CFA1BDA2D2E00908B77 /* UserCD.h */ = {isa = PBXFileReference; fileEncoding = 4; lastKnownFileType = sourcecode.c.h; path = UserCD.h; sourceTree = "<group>"; };
		6E378CFB1BDA2D2E00908B77 /* UserCD.m */ = {isa = PBXFileReference; fileEncoding = 4; lastKnownFileType = sourcecode.c.objc; path = UserCD.m; sourceTree = "<group>"; };
		6E378CFC1BDA2D2E00908B77 /* UserToData.h */ = {isa = PBXFileReference; fileEncoding = 4; lastKnownFileType = sourcecode.c.h; path = UserToData.h; sourceTree = "<group>"; };
		6E378CFD1BDA2D2E00908B77 /* UserToData.m */ = {isa = PBXFileReference; fileEncoding = 4; lastKnownFileType = sourcecode.c.objc; path = UserToData.m; sourceTree = "<group>"; };
		6E378CFF1BDA2D2E00908B77 /* Ex.h */ = {isa = PBXFileReference; fileEncoding = 4; lastKnownFileType = sourcecode.c.h; path = Ex.h; sourceTree = "<group>"; };
		6E378D001BDA2D2E00908B77 /* NSManagedObject+Ex.h */ = {isa = PBXFileReference; fileEncoding = 4; lastKnownFileType = sourcecode.c.h; path = "NSManagedObject+Ex.h"; sourceTree = "<group>"; };
		6E378D011BDA2D2E00908B77 /* NSManagedObject+Ex.m */ = {isa = PBXFileReference; fileEncoding = 4; lastKnownFileType = sourcecode.c.objc; path = "NSManagedObject+Ex.m"; sourceTree = "<group>"; };
		6E378D021BDA2D2E00908B77 /* NSManagedObjectContext+Ex.h */ = {isa = PBXFileReference; fileEncoding = 4; lastKnownFileType = sourcecode.c.h; path = "NSManagedObjectContext+Ex.h"; sourceTree = "<group>"; };
		6E378D031BDA2D2E00908B77 /* NSManagedObjectContext+Ex.m */ = {isa = PBXFileReference; fileEncoding = 4; lastKnownFileType = sourcecode.c.objc; path = "NSManagedObjectContext+Ex.m"; sourceTree = "<group>"; };
		6E378D041BDA2D2E00908B77 /* NSObject+Ex.h */ = {isa = PBXFileReference; fileEncoding = 4; lastKnownFileType = sourcecode.c.h; path = "NSObject+Ex.h"; sourceTree = "<group>"; };
		6E378D051BDA2D2E00908B77 /* NSObject+Ex.m */ = {isa = PBXFileReference; fileEncoding = 4; lastKnownFileType = sourcecode.c.objc; path = "NSObject+Ex.m"; sourceTree = "<group>"; };
		6E378D061BDA2D2E00908B77 /* NSString+Ex.h */ = {isa = PBXFileReference; fileEncoding = 4; lastKnownFileType = sourcecode.c.h; path = "NSString+Ex.h"; sourceTree = "<group>"; };
		6E378D071BDA2D2E00908B77 /* NSString+Ex.m */ = {isa = PBXFileReference; fileEncoding = 4; lastKnownFileType = sourcecode.c.objc; path = "NSString+Ex.m"; sourceTree = "<group>"; };
		6E378D081BDA2D2E00908B77 /* UIButton+Ex.h */ = {isa = PBXFileReference; fileEncoding = 4; lastKnownFileType = sourcecode.c.h; path = "UIButton+Ex.h"; sourceTree = "<group>"; };
		6E378D091BDA2D2E00908B77 /* UIButton+Ex.m */ = {isa = PBXFileReference; fileEncoding = 4; lastKnownFileType = sourcecode.c.objc; path = "UIButton+Ex.m"; sourceTree = "<group>"; };
		6E378D0A1BDA2D2E00908B77 /* UIImageView+Ex.h */ = {isa = PBXFileReference; fileEncoding = 4; lastKnownFileType = sourcecode.c.h; path = "UIImageView+Ex.h"; sourceTree = "<group>"; };
		6E378D0B1BDA2D2E00908B77 /* UIImageView+Ex.m */ = {isa = PBXFileReference; fileEncoding = 4; lastKnownFileType = sourcecode.c.objc; path = "UIImageView+Ex.m"; sourceTree = "<group>"; };
		6E378D0C1BDA2D2E00908B77 /* UIView+Ex.h */ = {isa = PBXFileReference; fileEncoding = 4; lastKnownFileType = sourcecode.c.h; path = "UIView+Ex.h"; sourceTree = "<group>"; };
		6E378D0D1BDA2D2E00908B77 /* UIView+Ex.m */ = {isa = PBXFileReference; fileEncoding = 4; lastKnownFileType = sourcecode.c.objc; path = "UIView+Ex.m"; sourceTree = "<group>"; };
		6E378D0F1BDA2D2E00908B77 /* DataManager.h */ = {isa = PBXFileReference; fileEncoding = 4; lastKnownFileType = sourcecode.c.h; path = DataManager.h; sourceTree = "<group>"; };
		6E378D101BDA2D2E00908B77 /* DataManager.m */ = {isa = PBXFileReference; fileEncoding = 4; lastKnownFileType = sourcecode.c.objc; path = DataManager.m; sourceTree = "<group>"; };
		6E378D111BDA2D2E00908B77 /* GVUserDefaults+Manager.h */ = {isa = PBXFileReference; fileEncoding = 4; lastKnownFileType = sourcecode.c.h; path = "GVUserDefaults+Manager.h"; sourceTree = "<group>"; };
		6E378D121BDA2D2E00908B77 /* GVUserDefaults+Manager.m */ = {isa = PBXFileReference; fileEncoding = 4; lastKnownFileType = sourcecode.c.objc; path = "GVUserDefaults+Manager.m"; sourceTree = "<group>"; };
		6E378D131BDA2D2E00908B77 /* Manager.h */ = {isa = PBXFileReference; fileEncoding = 4; lastKnownFileType = sourcecode.c.h; path = Manager.h; sourceTree = "<group>"; };
		6E378D151BDA2D2E00908B77 /* BaseModel.h */ = {isa = PBXFileReference; fileEncoding = 4; lastKnownFileType = sourcecode.c.h; path = BaseModel.h; sourceTree = "<group>"; };
		6E378D161BDA2D2E00908B77 /* BaseModel.m */ = {isa = PBXFileReference; fileEncoding = 4; lastKnownFileType = sourcecode.c.objc; path = BaseModel.m; sourceTree = "<group>"; };
		6E378D171BDA2D2E00908B77 /* Comment.h */ = {isa = PBXFileReference; fileEncoding = 4; lastKnownFileType = sourcecode.c.h; path = Comment.h; sourceTree = "<group>"; };
		6E378D181BDA2D2E00908B77 /* Comment.m */ = {isa = PBXFileReference; fileEncoding = 4; lastKnownFileType = sourcecode.c.objc; path = Comment.m; sourceTree = "<group>"; };
		6E378D191BDA2D2E00908B77 /* Designer.h */ = {isa = PBXFileReference; fileEncoding = 4; lastKnownFileType = sourcecode.c.h; path = Designer.h; sourceTree = "<group>"; };
		6E378D1A1BDA2D2E00908B77 /* Designer.m */ = {isa = PBXFileReference; fileEncoding = 4; lastKnownFileType = sourcecode.c.objc; path = Designer.m; sourceTree = "<group>"; };
		6E378D1B1BDA2D2E00908B77 /* Item.h */ = {isa = PBXFileReference; fileEncoding = 4; lastKnownFileType = sourcecode.c.h; path = Item.h; sourceTree = "<group>"; };
		6E378D1C1BDA2D2E00908B77 /* Item.m */ = {isa = PBXFileReference; fileEncoding = 4; lastKnownFileType = sourcecode.c.objc; path = Item.m; sourceTree = "<group>"; };
		6E378D1D1BDA2D2E00908B77 /* Model.h */ = {isa = PBXFileReference; fileEncoding = 4; lastKnownFileType = sourcecode.c.h; path = Model.h; sourceTree = "<group>"; };
		6E378D1E1BDA2D2E00908B77 /* Process.h */ = {isa = PBXFileReference; fileEncoding = 4; lastKnownFileType = sourcecode.c.h; path = Process.h; sourceTree = "<group>"; };
		6E378D1F1BDA2D2E00908B77 /* Process.m */ = {isa = PBXFileReference; fileEncoding = 4; lastKnownFileType = sourcecode.c.objc; path = Process.m; sourceTree = "<group>"; };
		6E378D201BDA2D2E00908B77 /* Section.h */ = {isa = PBXFileReference; fileEncoding = 4; lastKnownFileType = sourcecode.c.h; path = Section.h; sourceTree = "<group>"; };
		6E378D211BDA2D2E00908B77 /* Section.m */ = {isa = PBXFileReference; fileEncoding = 4; lastKnownFileType = sourcecode.c.objc; path = Section.m; sourceTree = "<group>"; };
		6E378D221BDA2D2E00908B77 /* User.h */ = {isa = PBXFileReference; fileEncoding = 4; lastKnownFileType = sourcecode.c.h; path = User.h; sourceTree = "<group>"; };
		6E378D231BDA2D2E00908B77 /* User.m */ = {isa = PBXFileReference; fileEncoding = 4; lastKnownFileType = sourcecode.c.objc; path = User.m; sourceTree = "<group>"; };
		6E378D241BDA2D2E00908B77 /* Ys.h */ = {isa = PBXFileReference; fileEncoding = 4; lastKnownFileType = sourcecode.c.h; path = Ys.h; sourceTree = "<group>"; };
		6E378D251BDA2D2E00908B77 /* Ys.m */ = {isa = PBXFileReference; fileEncoding = 4; lastKnownFileType = sourcecode.c.objc; path = Ys.m; sourceTree = "<group>"; };
		6E378D271BDA2D2E00908B77 /* BaseDynamicObject.h */ = {isa = PBXFileReference; fileEncoding = 4; lastKnownFileType = sourcecode.c.h; path = BaseDynamicObject.h; sourceTree = "<group>"; };
		6E378D281BDA2D2E00908B77 /* BaseDynamicObject.m */ = {isa = PBXFileReference; fileEncoding = 4; lastKnownFileType = sourcecode.c.objc; path = BaseDynamicObject.m; sourceTree = "<group>"; };
		6E378D291BDA2D2E00908B77 /* HUDUtil.h */ = {isa = PBXFileReference; fileEncoding = 4; lastKnownFileType = sourcecode.c.h; path = HUDUtil.h; sourceTree = "<group>"; };
		6E378D2A1BDA2D2E00908B77 /* HUDUtil.m */ = {isa = PBXFileReference; fileEncoding = 4; lastKnownFileType = sourcecode.c.objc; path = HUDUtil.m; sourceTree = "<group>"; };
		6E378D2B1BDA2D2E00908B77 /* LogFormatter.h */ = {isa = PBXFileReference; fileEncoding = 4; lastKnownFileType = sourcecode.c.h; path = LogFormatter.h; sourceTree = "<group>"; };
		6E378D2C1BDA2D2E00908B77 /* LogFormatter.m */ = {isa = PBXFileReference; fileEncoding = 4; lastKnownFileType = sourcecode.c.objc; path = LogFormatter.m; sourceTree = "<group>"; };
		6E378D2D1BDA2D2E00908B77 /* Macro.h */ = {isa = PBXFileReference; fileEncoding = 4; lastKnownFileType = sourcecode.c.h; path = Macro.h; sourceTree = "<group>"; };
		6E378D2E1BDA2D2E00908B77 /* Util.h */ = {isa = PBXFileReference; fileEncoding = 4; lastKnownFileType = sourcecode.c.h; path = Util.h; sourceTree = "<group>"; };
		A89C4960E17F13A3FDA7F3DB /* libPods.a */ = {isa = PBXFileReference; explicitFileType = archive.ar; includeInIndex = 0; path = libPods.a; sourceTree = BUILT_PRODUCTS_DIR; };
		BDAF11036A474A85921AB191 /* Pods.release.xcconfig */ = {isa = PBXFileReference; includeInIndex = 1; lastKnownFileType = text.xcconfig; name = Pods.release.xcconfig; path = "Pods/Target Support Files/Pods/Pods.release.xcconfig"; sourceTree = "<group>"; };
/* End PBXFileReference section */

/* Begin PBXFrameworksBuildPhase section */
		6E0426661BC757C500F984B8 /* Frameworks */ = {
			isa = PBXFrameworksBuildPhase;
			buildActionMask = 2147483647;
			files = (
				6E378B331BDA261D00908B77 /* Lib.framework in Frameworks */,
				4F9F62D70543E85C505FDD9C /* libPods.a in Frameworks */,
			);
			runOnlyForDeploymentPostprocessing = 0;
		};
		6E04267F1BC757C500F984B8 /* Frameworks */ = {
			isa = PBXFrameworksBuildPhase;
			buildActionMask = 2147483647;
			files = (
			);
			runOnlyForDeploymentPostprocessing = 0;
		};
		6E04268A1BC757C500F984B8 /* Frameworks */ = {
			isa = PBXFrameworksBuildPhase;
			buildActionMask = 2147483647;
			files = (
			);
			runOnlyForDeploymentPostprocessing = 0;
		};
/* End PBXFrameworksBuildPhase section */

/* Begin PBXGroup section */
		5A126B0F9875B0FC1B26E1FB /* Pods */ = {
			isa = PBXGroup;
			children = (
				19D4B2E529E31306DF810865 /* Pods.debug.xcconfig */,
				BDAF11036A474A85921AB191 /* Pods.release.xcconfig */,
			);
			name = Pods;
			sourceTree = "<group>";
		};
		6E0426601BC757C500F984B8 = {
			isa = PBXGroup;
			children = (
				6E04266B1BC757C500F984B8 /* jianfanjia-designer */,
				6E0426851BC757C500F984B8 /* jianfanjia-designerTests */,
				6E0426901BC757C500F984B8 /* jianfanjia-designerUITests */,
				6E04266A1BC757C500F984B8 /* Products */,
				5A126B0F9875B0FC1B26E1FB /* Pods */,
				E9FF93774079744E99B1F9E6 /* Frameworks */,
			);
			sourceTree = "<group>";
		};
		6E04266A1BC757C500F984B8 /* Products */ = {
			isa = PBXGroup;
			children = (
				6E0426691BC757C500F984B8 /* jianfanjia-designer.app */,
				6E0426821BC757C500F984B8 /* jianfanjia-designerTests.xctest */,
				6E04268D1BC757C500F984B8 /* jianfanjia-designerUITests.xctest */,
			);
			name = Products;
			sourceTree = "<group>";
		};
		6E04266B1BC757C500F984B8 /* jianfanjia-designer */ = {
			isa = PBXGroup;
			children = (
				6E378CCD1BDA2D2E00908B77 /* common */,
				6E04266F1BC757C500F984B8 /* AppDelegate.h */,
				6E0426701BC757C500F984B8 /* AppDelegate.m */,
				6E0427271BC75E8600F984B8 /* PrefixHeader.pch */,
				6E0427281BC75EAF00F984B8 /* Pods.h */,
				6E0426781BC757C500F984B8 /* Assets.xcassets */,
				6E04267A1BC757C500F984B8 /* LaunchScreen.storyboard */,
				6E04267D1BC757C500F984B8 /* Info.plist */,
				6E04266C1BC757C500F984B8 /* Supporting Files */,
			);
			path = "jianfanjia-designer";
			sourceTree = "<group>";
		};
		6E04266C1BC757C500F984B8 /* Supporting Files */ = {
			isa = PBXGroup;
			children = (
				6E04266D1BC757C500F984B8 /* main.m */,
			);
			name = "Supporting Files";
			sourceTree = "<group>";
		};
		6E0426851BC757C500F984B8 /* jianfanjia-designerTests */ = {
			isa = PBXGroup;
			children = (
				6E0426861BC757C500F984B8 /* jianfanjia_designerTests.m */,
				6E0426881BC757C500F984B8 /* Info.plist */,
			);
			path = "jianfanjia-designerTests";
			sourceTree = "<group>";
		};
		6E0426901BC757C500F984B8 /* jianfanjia-designerUITests */ = {
			isa = PBXGroup;
			children = (
				6E0426911BC757C500F984B8 /* jianfanjia_designerUITests.m */,
				6E0426931BC757C500F984B8 /* Info.plist */,
			);
			path = "jianfanjia-designerUITests";
			sourceTree = "<group>";
		};
		6E378CCD1BDA2D2E00908B77 /* common */ = {
			isa = PBXGroup;
			children = (
				6E378CCE1BDA2D2E00908B77 /* API */,
				6E378CDF1BDA2D2E00908B77 /* Business */,
				6E378CE71BDA2D2E00908B77 /* CoreData */,
				6E378CFE1BDA2D2E00908B77 /* Extend */,
				6E378D0E1BDA2D2E00908B77 /* Manager */,
				6E378D141BDA2D2E00908B77 /* Model */,
				6E378D261BDA2D2E00908B77 /* Util */,
			);
			name = common;
			path = ../../common;
			sourceTree = "<group>";
		};
		6E378CCE1BDA2D2E00908B77 /* API */ = {
			isa = PBXGroup;
			children = (
				6E378CCF1BDA2D2E00908B77 /* API.h */,
				6E378CD01BDA2D2E00908B77 /* API.m */,
				6E378CD11BDA2D2E00908B77 /* Request */,
			);
			path = API;
			sourceTree = "<group>";
		};
		6E378CD11BDA2D2E00908B77 /* Request */ = {
			isa = PBXGroup;
			children = (
				6E378CD21BDA2D2E00908B77 /* BaseRequest.h */,
				6E378CD31BDA2D2E00908B77 /* BaseRequest.m */,
				6E378CD41BDA2D2E00908B77 /* GetProcess.h */,
				6E378CD51BDA2D2E00908B77 /* GetProcess.m */,
				6E378CD61BDA2D2E00908B77 /* GetUserRequirement.h */,
				6E378CD71BDA2D2E00908B77 /* GetUserRequirement.m */,
				6E378CD81BDA2D2E00908B77 /* Login.h */,
				6E378CD91BDA2D2E00908B77 /* Login.m */,
				6E378CDA1BDA2D2E00908B77 /* ProcessList.h */,
				6E378CDB1BDA2D2E00908B77 /* ProcessList.m */,
				6E378CDC1BDA2D2E00908B77 /* Request.h */,
				6E378CDD1BDA2D2E00908B77 /* SendVerifyCode.h */,
				6E378CDE1BDA2D2E00908B77 /* SendVerifyCode.m */,
			);
			path = Request;
			sourceTree = "<group>";
		};
		6E378CDF1BDA2D2E00908B77 /* Business */ = {
			isa = PBXGroup;
			children = (
				6E378CE01BDA2D2E00908B77 /* AccountBusiness.h */,
				6E378CE11BDA2D2E00908B77 /* AccountBusiness.m */,
				6E378CE21BDA2D2E00908B77 /* Bc.h */,
				6E378CE31BDA2D2E00908B77 /* Bc.m */,
				6E378CE41BDA2D2E00908B77 /* Business.h */,
				6E378CE51BDA2D2E00908B77 /* ProcessBusiness.h */,
				6E378CE61BDA2D2E00908B77 /* ProcessBusiness.m */,
			);
			path = Business;
			sourceTree = "<group>";
		};
		6E378CE71BDA2D2E00908B77 /* CoreData */ = {
			isa = PBXGroup;
			children = (
				6E378CE81BDA2D2E00908B77 /* CoreDataManager.h */,
				6E378CE91BDA2D2E00908B77 /* CoreDataManager.m */,
				6E378CEA1BDA2D2E00908B77 /* DesignerCD+CoreDataProperties.h */,
				6E378CEB1BDA2D2E00908B77 /* DesignerCD+CoreDataProperties.m */,
				6E378CEC1BDA2D2E00908B77 /* DesignerCD.h */,
				6E378CED1BDA2D2E00908B77 /* DesignerCD.m */,
				6E378CEE1BDA2D2E00908B77 /* DesignerToData.h */,
				6E378CEF1BDA2D2E00908B77 /* DesignerToData.m */,
				6E378CF01BDA2D2E00908B77 /* Model.xcdatamodeld */,
				6E378CF21BDA2D2E00908B77 /* ProcessCD+CoreDataProperties.h */,
				6E378CF31BDA2D2E00908B77 /* ProcessCD+CoreDataProperties.m */,
				6E378CF41BDA2D2E00908B77 /* ProcessCD.h */,
				6E378CF51BDA2D2E00908B77 /* ProcessCD.m */,
				6E378CF61BDA2D2E00908B77 /* ProcessToData.h */,
				6E378CF71BDA2D2E00908B77 /* ProcessToData.m */,
				6E378CF81BDA2D2E00908B77 /* UserCD+CoreDataProperties.h */,
				6E378CF91BDA2D2E00908B77 /* UserCD+CoreDataProperties.m */,
				6E378CFA1BDA2D2E00908B77 /* UserCD.h */,
				6E378CFB1BDA2D2E00908B77 /* UserCD.m */,
				6E378CFC1BDA2D2E00908B77 /* UserToData.h */,
				6E378CFD1BDA2D2E00908B77 /* UserToData.m */,
			);
			path = CoreData;
			sourceTree = "<group>";
		};
		6E378CFE1BDA2D2E00908B77 /* Extend */ = {
			isa = PBXGroup;
			children = (
				6E378CFF1BDA2D2E00908B77 /* Ex.h */,
				6E378D001BDA2D2E00908B77 /* NSManagedObject+Ex.h */,
				6E378D011BDA2D2E00908B77 /* NSManagedObject+Ex.m */,
				6E378D021BDA2D2E00908B77 /* NSManagedObjectContext+Ex.h */,
				6E378D031BDA2D2E00908B77 /* NSManagedObjectContext+Ex.m */,
				6E378D041BDA2D2E00908B77 /* NSObject+Ex.h */,
				6E378D051BDA2D2E00908B77 /* NSObject+Ex.m */,
				6E378D061BDA2D2E00908B77 /* NSString+Ex.h */,
				6E378D071BDA2D2E00908B77 /* NSString+Ex.m */,
				6E378D081BDA2D2E00908B77 /* UIButton+Ex.h */,
				6E378D091BDA2D2E00908B77 /* UIButton+Ex.m */,
				6E378D0A1BDA2D2E00908B77 /* UIImageView+Ex.h */,
				6E378D0B1BDA2D2E00908B77 /* UIImageView+Ex.m */,
				6E378D0C1BDA2D2E00908B77 /* UIView+Ex.h */,
				6E378D0D1BDA2D2E00908B77 /* UIView+Ex.m */,
			);
			path = Extend;
			sourceTree = "<group>";
		};
		6E378D0E1BDA2D2E00908B77 /* Manager */ = {
			isa = PBXGroup;
			children = (
				6E378D0F1BDA2D2E00908B77 /* DataManager.h */,
				6E378D101BDA2D2E00908B77 /* DataManager.m */,
				6E378D111BDA2D2E00908B77 /* GVUserDefaults+Manager.h */,
				6E378D121BDA2D2E00908B77 /* GVUserDefaults+Manager.m */,
				6E378D131BDA2D2E00908B77 /* Manager.h */,
			);
			path = Manager;
			sourceTree = "<group>";
		};
		6E378D141BDA2D2E00908B77 /* Model */ = {
			isa = PBXGroup;
			children = (
				6E378D151BDA2D2E00908B77 /* BaseModel.h */,
				6E378D161BDA2D2E00908B77 /* BaseModel.m */,
				6E378D171BDA2D2E00908B77 /* Comment.h */,
				6E378D181BDA2D2E00908B77 /* Comment.m */,
				6E378D191BDA2D2E00908B77 /* Designer.h */,
				6E378D1A1BDA2D2E00908B77 /* Designer.m */,
				6E378D1B1BDA2D2E00908B77 /* Item.h */,
				6E378D1C1BDA2D2E00908B77 /* Item.m */,
				6E378D1D1BDA2D2E00908B77 /* Model.h */,
				6E378D1E1BDA2D2E00908B77 /* Process.h */,
				6E378D1F1BDA2D2E00908B77 /* Process.m */,
				6E378D201BDA2D2E00908B77 /* Section.h */,
				6E378D211BDA2D2E00908B77 /* Section.m */,
				6E378D221BDA2D2E00908B77 /* User.h */,
				6E378D231BDA2D2E00908B77 /* User.m */,
				6E378D241BDA2D2E00908B77 /* Ys.h */,
				6E378D251BDA2D2E00908B77 /* Ys.m */,
			);
			path = Model;
			sourceTree = "<group>";
		};
		6E378D261BDA2D2E00908B77 /* Util */ = {
			isa = PBXGroup;
			children = (
				6E378D271BDA2D2E00908B77 /* BaseDynamicObject.h */,
				6E378D281BDA2D2E00908B77 /* BaseDynamicObject.m */,
				6E378D291BDA2D2E00908B77 /* HUDUtil.h */,
				6E378D2A1BDA2D2E00908B77 /* HUDUtil.m */,
				6E378D2B1BDA2D2E00908B77 /* LogFormatter.h */,
				6E378D2C1BDA2D2E00908B77 /* LogFormatter.m */,
				6E378D2D1BDA2D2E00908B77 /* Macro.h */,
				6E378D2E1BDA2D2E00908B77 /* Util.h */,
			);
			path = Util;
			sourceTree = "<group>";
		};
		E9FF93774079744E99B1F9E6 /* Frameworks */ = {
			isa = PBXGroup;
			children = (
				6E378B321BDA261D00908B77 /* Lib.framework */,
				A89C4960E17F13A3FDA7F3DB /* libPods.a */,
			);
			name = Frameworks;
			sourceTree = "<group>";
		};
/* End PBXGroup section */

/* Begin PBXNativeTarget section */
		6E0426681BC757C500F984B8 /* jianfanjia-designer */ = {
			isa = PBXNativeTarget;
			buildConfigurationList = 6E0426961BC757C500F984B8 /* Build configuration list for PBXNativeTarget "jianfanjia-designer" */;
			buildPhases = (
				FAEC158761BA3641FD7CF367 /* Check Pods Manifest.lock */,
				6E0426651BC757C500F984B8 /* Sources */,
				6E0426661BC757C500F984B8 /* Frameworks */,
				6E0426671BC757C500F984B8 /* Resources */,
				45979C66F15B98C50131D533 /* Copy Pods Resources */,
			);
			buildRules = (
			);
			dependencies = (
			);
			name = "jianfanjia-designer";
			productName = "jianfanjia-designer";
			productReference = 6E0426691BC757C500F984B8 /* jianfanjia-designer.app */;
			productType = "com.apple.product-type.application";
		};
		6E0426811BC757C500F984B8 /* jianfanjia-designerTests */ = {
			isa = PBXNativeTarget;
			buildConfigurationList = 6E0426991BC757C500F984B8 /* Build configuration list for PBXNativeTarget "jianfanjia-designerTests" */;
			buildPhases = (
				6E04267E1BC757C500F984B8 /* Sources */,
				6E04267F1BC757C500F984B8 /* Frameworks */,
				6E0426801BC757C500F984B8 /* Resources */,
			);
			buildRules = (
			);
			dependencies = (
				6E0426841BC757C500F984B8 /* PBXTargetDependency */,
			);
			name = "jianfanjia-designerTests";
			productName = "jianfanjia-designerTests";
			productReference = 6E0426821BC757C500F984B8 /* jianfanjia-designerTests.xctest */;
			productType = "com.apple.product-type.bundle.unit-test";
		};
		6E04268C1BC757C500F984B8 /* jianfanjia-designerUITests */ = {
			isa = PBXNativeTarget;
			buildConfigurationList = 6E04269C1BC757C500F984B8 /* Build configuration list for PBXNativeTarget "jianfanjia-designerUITests" */;
			buildPhases = (
				6E0426891BC757C500F984B8 /* Sources */,
				6E04268A1BC757C500F984B8 /* Frameworks */,
				6E04268B1BC757C500F984B8 /* Resources */,
			);
			buildRules = (
			);
			dependencies = (
				6E04268F1BC757C500F984B8 /* PBXTargetDependency */,
			);
			name = "jianfanjia-designerUITests";
			productName = "jianfanjia-designerUITests";
			productReference = 6E04268D1BC757C500F984B8 /* jianfanjia-designerUITests.xctest */;
			productType = "com.apple.product-type.bundle.ui-testing";
		};
/* End PBXNativeTarget section */

/* Begin PBXProject section */
		6E0426611BC757C500F984B8 /* Project object */ = {
			isa = PBXProject;
			attributes = {
				LastUpgradeCheck = 0700;
				ORGANIZATIONNAME = JYZ;
				TargetAttributes = {
					6E0426681BC757C500F984B8 = {
						CreatedOnToolsVersion = 7.0.1;
					};
					6E0426811BC757C500F984B8 = {
						CreatedOnToolsVersion = 7.0.1;
						TestTargetID = 6E0426681BC757C500F984B8;
					};
					6E04268C1BC757C500F984B8 = {
						CreatedOnToolsVersion = 7.0.1;
						TestTargetID = 6E0426681BC757C500F984B8;
					};
				};
			};
			buildConfigurationList = 6E0426641BC757C500F984B8 /* Build configuration list for PBXProject "jianfanjia-designer" */;
			compatibilityVersion = "Xcode 3.2";
			developmentRegion = English;
			hasScannedForEncodings = 0;
			knownRegions = (
				en,
				Base,
			);
			mainGroup = 6E0426601BC757C500F984B8;
			productRefGroup = 6E04266A1BC757C500F984B8 /* Products */;
			projectDirPath = "";
			projectRoot = "";
			targets = (
				6E0426681BC757C500F984B8 /* jianfanjia-designer */,
				6E0426811BC757C500F984B8 /* jianfanjia-designerTests */,
				6E04268C1BC757C500F984B8 /* jianfanjia-designerUITests */,
			);
		};
/* End PBXProject section */

/* Begin PBXResourcesBuildPhase section */
		6E0426671BC757C500F984B8 /* Resources */ = {
			isa = PBXResourcesBuildPhase;
			buildActionMask = 2147483647;
			files = (
				6E04267C1BC757C500F984B8 /* LaunchScreen.storyboard in Resources */,
				6E0426791BC757C500F984B8 /* Assets.xcassets in Resources */,
			);
			runOnlyForDeploymentPostprocessing = 0;
		};
		6E0426801BC757C500F984B8 /* Resources */ = {
			isa = PBXResourcesBuildPhase;
			buildActionMask = 2147483647;
			files = (
			);
			runOnlyForDeploymentPostprocessing = 0;
		};
		6E04268B1BC757C500F984B8 /* Resources */ = {
			isa = PBXResourcesBuildPhase;
			buildActionMask = 2147483647;
			files = (
			);
			runOnlyForDeploymentPostprocessing = 0;
		};
/* End PBXResourcesBuildPhase section */

/* Begin PBXShellScriptBuildPhase section */
		45979C66F15B98C50131D533 /* Copy Pods Resources */ = {
			isa = PBXShellScriptBuildPhase;
			buildActionMask = 2147483647;
			files = (
			);
			inputPaths = (
			);
			name = "Copy Pods Resources";
			outputPaths = (
			);
			runOnlyForDeploymentPostprocessing = 0;
			shellPath = /bin/sh;
			shellScript = "\"${SRCROOT}/Pods/Target Support Files/Pods/Pods-resources.sh\"\n";
			showEnvVarsInLog = 0;
		};
		FAEC158761BA3641FD7CF367 /* Check Pods Manifest.lock */ = {
			isa = PBXShellScriptBuildPhase;
			buildActionMask = 2147483647;
			files = (
			);
			inputPaths = (
			);
			name = "Check Pods Manifest.lock";
			outputPaths = (
			);
			runOnlyForDeploymentPostprocessing = 0;
			shellPath = /bin/sh;
			shellScript = "diff \"${PODS_ROOT}/../Podfile.lock\" \"${PODS_ROOT}/Manifest.lock\" > /dev/null\nif [[ $? != 0 ]] ; then\n    cat << EOM\nerror: The sandbox is not in sync with the Podfile.lock. Run 'pod install' or update your CocoaPods installation.\nEOM\n    exit 1\nfi\n";
			showEnvVarsInLog = 0;
		};
/* End PBXShellScriptBuildPhase section */

/* Begin PBXSourcesBuildPhase section */
		6E0426651BC757C500F984B8 /* Sources */ = {
			isa = PBXSourcesBuildPhase;
			buildActionMask = 2147483647;
			files = (
				6E378D501BDA2D2E00908B77 /* Item.m in Sources */,
				6E378D311BDA2D2E00908B77 /* GetProcess.m in Sources */,
				6E378D391BDA2D2E00908B77 /* CoreDataManager.m in Sources */,
				6E378D361BDA2D2E00908B77 /* AccountBusiness.m in Sources */,
				6E378D4D1BDA2D2E00908B77 /* BaseModel.m in Sources */,
				6E378D421BDA2D2E00908B77 /* UserCD.m in Sources */,
				6E378D471BDA2D2E00908B77 /* NSString+Ex.m in Sources */,
				6E378D3A1BDA2D2E00908B77 /* DesignerCD+CoreDataProperties.m in Sources */,
				6E378D3F1BDA2D2E00908B77 /* ProcessCD.m in Sources */,
				6E378D321BDA2D2E00908B77 /* GetUserRequirement.m in Sources */,
				6E378D301BDA2D2E00908B77 /* BaseRequest.m in Sources */,
				6E378D541BDA2D2E00908B77 /* Ys.m in Sources */,
				6E378D351BDA2D2E00908B77 /* SendVerifyCode.m in Sources */,
				6E378D511BDA2D2E00908B77 /* Process.m in Sources */,
				6E378D341BDA2D2E00908B77 /* ProcessList.m in Sources */,
				6E378D561BDA2D2E00908B77 /* HUDUtil.m in Sources */,
				6E378D3E1BDA2D2E00908B77 /* ProcessCD+CoreDataProperties.m in Sources */,
				6E378D3D1BDA2D2E00908B77 /* Model.xcdatamodeld in Sources */,
				6E378D4C1BDA2D2E00908B77 /* GVUserDefaults+Manager.m in Sources */,
				6E378D3B1BDA2D2E00908B77 /* DesignerCD.m in Sources */,
				6E378D481BDA2D2E00908B77 /* UIButton+Ex.m in Sources */,
				6E378D411BDA2D2E00908B77 /* UserCD+CoreDataProperties.m in Sources */,
				6E378D3C1BDA2D2E00908B77 /* DesignerToData.m in Sources */,
				6E378D331BDA2D2E00908B77 /* Login.m in Sources */,
				6E378D401BDA2D2E00908B77 /* ProcessToData.m in Sources */,
				6E378D4E1BDA2D2E00908B77 /* Comment.m in Sources */,
				6E378D371BDA2D2E00908B77 /* Bc.m in Sources */,
				6E378D431BDA2D2E00908B77 /* UserToData.m in Sources */,
				6E378D531BDA2D2E00908B77 /* User.m in Sources */,
				6E378D451BDA2D2E00908B77 /* NSManagedObjectContext+Ex.m in Sources */,
				6E378D4B1BDA2D2E00908B77 /* DataManager.m in Sources */,
				6E378D2F1BDA2D2E00908B77 /* API.m in Sources */,
				6E378D441BDA2D2E00908B77 /* NSManagedObject+Ex.m in Sources */,
				6E378D571BDA2D2E00908B77 /* LogFormatter.m in Sources */,
				6E0426711BC757C500F984B8 /* AppDelegate.m in Sources */,
				6E378D4A1BDA2D2E00908B77 /* UIView+Ex.m in Sources */,
				6E04266E1BC757C500F984B8 /* main.m in Sources */,
				6E378D521BDA2D2E00908B77 /* Section.m in Sources */,
				6E378D4F1BDA2D2E00908B77 /* Designer.m in Sources */,
				6E378D461BDA2D2E00908B77 /* NSObject+Ex.m in Sources */,
				6E378D491BDA2D2E00908B77 /* UIImageView+Ex.m in Sources */,
				6E378D551BDA2D2E00908B77 /* BaseDynamicObject.m in Sources */,
				6E378D381BDA2D2E00908B77 /* ProcessBusiness.m in Sources */,
			);
			runOnlyForDeploymentPostprocessing = 0;
		};
		6E04267E1BC757C500F984B8 /* Sources */ = {
			isa = PBXSourcesBuildPhase;
			buildActionMask = 2147483647;
			files = (
				6E0426871BC757C500F984B8 /* jianfanjia_designerTests.m in Sources */,
			);
			runOnlyForDeploymentPostprocessing = 0;
		};
		6E0426891BC757C500F984B8 /* Sources */ = {
			isa = PBXSourcesBuildPhase;
			buildActionMask = 2147483647;
			files = (
				6E0426921BC757C500F984B8 /* jianfanjia_designerUITests.m in Sources */,
			);
			runOnlyForDeploymentPostprocessing = 0;
		};
/* End PBXSourcesBuildPhase section */

/* Begin PBXTargetDependency section */
		6E0426841BC757C500F984B8 /* PBXTargetDependency */ = {
			isa = PBXTargetDependency;
			target = 6E0426681BC757C500F984B8 /* jianfanjia-designer */;
			targetProxy = 6E0426831BC757C500F984B8 /* PBXContainerItemProxy */;
		};
		6E04268F1BC757C500F984B8 /* PBXTargetDependency */ = {
			isa = PBXTargetDependency;
			target = 6E0426681BC757C500F984B8 /* jianfanjia-designer */;
			targetProxy = 6E04268E1BC757C500F984B8 /* PBXContainerItemProxy */;
		};
/* End PBXTargetDependency section */

/* Begin PBXVariantGroup section */
		6E04267A1BC757C500F984B8 /* LaunchScreen.storyboard */ = {
			isa = PBXVariantGroup;
			children = (
				6E04267B1BC757C500F984B8 /* Base */,
			);
			name = LaunchScreen.storyboard;
			sourceTree = "<group>";
		};
/* End PBXVariantGroup section */

/* Begin XCBuildConfiguration section */
		6E0426941BC757C500F984B8 /* Debug */ = {
			isa = XCBuildConfiguration;
			buildSettings = {
				ALWAYS_SEARCH_USER_PATHS = NO;
				CLANG_CXX_LANGUAGE_STANDARD = "gnu++0x";
				CLANG_CXX_LIBRARY = "libc++";
				CLANG_ENABLE_MODULES = YES;
				CLANG_ENABLE_OBJC_ARC = YES;
				CLANG_WARN_BOOL_CONVERSION = YES;
				CLANG_WARN_CONSTANT_CONVERSION = YES;
				CLANG_WARN_DIRECT_OBJC_ISA_USAGE = YES_ERROR;
				CLANG_WARN_EMPTY_BODY = YES;
				CLANG_WARN_ENUM_CONVERSION = YES;
				CLANG_WARN_INT_CONVERSION = YES;
				CLANG_WARN_OBJC_ROOT_CLASS = YES_ERROR;
				CLANG_WARN_UNREACHABLE_CODE = YES;
				CLANG_WARN__DUPLICATE_METHOD_MATCH = YES;
				"CODE_SIGN_IDENTITY[sdk=iphoneos*]" = "iPhone Developer";
				COPY_PHASE_STRIP = NO;
				DEBUG_INFORMATION_FORMAT = dwarf;
				ENABLE_STRICT_OBJC_MSGSEND = YES;
				ENABLE_TESTABILITY = YES;
				GCC_C_LANGUAGE_STANDARD = gnu99;
				GCC_DYNAMIC_NO_PIC = NO;
				GCC_NO_COMMON_BLOCKS = YES;
				GCC_OPTIMIZATION_LEVEL = 0;
				GCC_PREPROCESSOR_DEFINITIONS = (
					"DEBUG=1",
					"$(inherited)",
				);
				GCC_WARN_64_TO_32_BIT_CONVERSION = YES;
				GCC_WARN_ABOUT_RETURN_TYPE = YES_ERROR;
				GCC_WARN_UNDECLARED_SELECTOR = YES;
				GCC_WARN_UNINITIALIZED_AUTOS = YES_AGGRESSIVE;
				GCC_WARN_UNUSED_FUNCTION = YES;
				GCC_WARN_UNUSED_VARIABLE = YES;
				IPHONEOS_DEPLOYMENT_TARGET = 9.0;
				MTL_ENABLE_DEBUG_INFO = YES;
				ONLY_ACTIVE_ARCH = YES;
				SDKROOT = iphoneos;
				TARGETED_DEVICE_FAMILY = "1,2";
			};
			name = Debug;
		};
		6E0426951BC757C500F984B8 /* Release */ = {
			isa = XCBuildConfiguration;
			buildSettings = {
				ALWAYS_SEARCH_USER_PATHS = NO;
				CLANG_CXX_LANGUAGE_STANDARD = "gnu++0x";
				CLANG_CXX_LIBRARY = "libc++";
				CLANG_ENABLE_MODULES = YES;
				CLANG_ENABLE_OBJC_ARC = YES;
				CLANG_WARN_BOOL_CONVERSION = YES;
				CLANG_WARN_CONSTANT_CONVERSION = YES;
				CLANG_WARN_DIRECT_OBJC_ISA_USAGE = YES_ERROR;
				CLANG_WARN_EMPTY_BODY = YES;
				CLANG_WARN_ENUM_CONVERSION = YES;
				CLANG_WARN_INT_CONVERSION = YES;
				CLANG_WARN_OBJC_ROOT_CLASS = YES_ERROR;
				CLANG_WARN_UNREACHABLE_CODE = YES;
				CLANG_WARN__DUPLICATE_METHOD_MATCH = YES;
				"CODE_SIGN_IDENTITY[sdk=iphoneos*]" = "iPhone Developer";
				COPY_PHASE_STRIP = NO;
				DEBUG_INFORMATION_FORMAT = "dwarf-with-dsym";
				ENABLE_NS_ASSERTIONS = NO;
				ENABLE_STRICT_OBJC_MSGSEND = YES;
				GCC_C_LANGUAGE_STANDARD = gnu99;
				GCC_NO_COMMON_BLOCKS = YES;
				GCC_WARN_64_TO_32_BIT_CONVERSION = YES;
				GCC_WARN_ABOUT_RETURN_TYPE = YES_ERROR;
				GCC_WARN_UNDECLARED_SELECTOR = YES;
				GCC_WARN_UNINITIALIZED_AUTOS = YES_AGGRESSIVE;
				GCC_WARN_UNUSED_FUNCTION = YES;
				GCC_WARN_UNUSED_VARIABLE = YES;
				IPHONEOS_DEPLOYMENT_TARGET = 9.0;
				MTL_ENABLE_DEBUG_INFO = NO;
				SDKROOT = iphoneos;
				TARGETED_DEVICE_FAMILY = "1,2";
				VALIDATE_PRODUCT = YES;
			};
			name = Release;
		};
		6E0426971BC757C500F984B8 /* Debug */ = {
			isa = XCBuildConfiguration;
			baseConfigurationReference = 19D4B2E529E31306DF810865 /* Pods.debug.xcconfig */;
			buildSettings = {
				ASSETCATALOG_COMPILER_APPICON_NAME = AppIcon;
				GCC_PREFIX_HEADER = "jianfanjia-designer/PrefixHeader.pch";
				INFOPLIST_FILE = "jianfanjia-designer/Info.plist";
				LD_RUNPATH_SEARCH_PATHS = "$(inherited) @executable_path/Frameworks";
				PRODUCT_BUNDLE_IDENTIFIER = "com.jianfanjia.jianfanjia-designer";
				PRODUCT_NAME = "$(TARGET_NAME)";
			};
			name = Debug;
		};
		6E0426981BC757C500F984B8 /* Release */ = {
			isa = XCBuildConfiguration;
			baseConfigurationReference = BDAF11036A474A85921AB191 /* Pods.release.xcconfig */;
			buildSettings = {
				ASSETCATALOG_COMPILER_APPICON_NAME = AppIcon;
				GCC_PREFIX_HEADER = "jianfanjia-designer/PrefixHeader.pch";
				INFOPLIST_FILE = "jianfanjia-designer/Info.plist";
				LD_RUNPATH_SEARCH_PATHS = "$(inherited) @executable_path/Frameworks";
				PRODUCT_BUNDLE_IDENTIFIER = "com.jianfanjia.jianfanjia-designer";
				PRODUCT_NAME = "$(TARGET_NAME)";
			};
			name = Release;
		};
		6E04269A1BC757C500F984B8 /* Debug */ = {
			isa = XCBuildConfiguration;
			buildSettings = {
				BUNDLE_LOADER = "$(TEST_HOST)";
				INFOPLIST_FILE = "jianfanjia-designerTests/Info.plist";
				LD_RUNPATH_SEARCH_PATHS = "$(inherited) @executable_path/Frameworks @loader_path/Frameworks";
				PRODUCT_BUNDLE_IDENTIFIER = "com.jianfanjia.jianfanjia-designerTests";
				PRODUCT_NAME = "$(TARGET_NAME)";
				TEST_HOST = "$(BUILT_PRODUCTS_DIR)/jianfanjia-designer.app/jianfanjia-designer";
			};
			name = Debug;
		};
		6E04269B1BC757C500F984B8 /* Release */ = {
			isa = XCBuildConfiguration;
			buildSettings = {
				BUNDLE_LOADER = "$(TEST_HOST)";
				INFOPLIST_FILE = "jianfanjia-designerTests/Info.plist";
				LD_RUNPATH_SEARCH_PATHS = "$(inherited) @executable_path/Frameworks @loader_path/Frameworks";
				PRODUCT_BUNDLE_IDENTIFIER = "com.jianfanjia.jianfanjia-designerTests";
				PRODUCT_NAME = "$(TARGET_NAME)";
				TEST_HOST = "$(BUILT_PRODUCTS_DIR)/jianfanjia-designer.app/jianfanjia-designer";
			};
			name = Release;
		};
		6E04269D1BC757C500F984B8 /* Debug */ = {
			isa = XCBuildConfiguration;
			buildSettings = {
				INFOPLIST_FILE = "jianfanjia-designerUITests/Info.plist";
				LD_RUNPATH_SEARCH_PATHS = "$(inherited) @executable_path/Frameworks @loader_path/Frameworks";
				PRODUCT_BUNDLE_IDENTIFIER = "com.jianfanjia.jianfanjia-designerUITests";
				PRODUCT_NAME = "$(TARGET_NAME)";
				TEST_TARGET_NAME = "jianfanjia-designer";
				USES_XCTRUNNER = YES;
			};
			name = Debug;
		};
		6E04269E1BC757C500F984B8 /* Release */ = {
			isa = XCBuildConfiguration;
			buildSettings = {
				INFOPLIST_FILE = "jianfanjia-designerUITests/Info.plist";
				LD_RUNPATH_SEARCH_PATHS = "$(inherited) @executable_path/Frameworks @loader_path/Frameworks";
				PRODUCT_BUNDLE_IDENTIFIER = "com.jianfanjia.jianfanjia-designerUITests";
				PRODUCT_NAME = "$(TARGET_NAME)";
				TEST_TARGET_NAME = "jianfanjia-designer";
				USES_XCTRUNNER = YES;
			};
			name = Release;
		};
/* End XCBuildConfiguration section */

/* Begin XCConfigurationList section */
		6E0426641BC757C500F984B8 /* Build configuration list for PBXProject "jianfanjia-designer" */ = {
			isa = XCConfigurationList;
			buildConfigurations = (
				6E0426941BC757C500F984B8 /* Debug */,
				6E0426951BC757C500F984B8 /* Release */,
			);
			defaultConfigurationIsVisible = 0;
			defaultConfigurationName = Release;
		};
		6E0426961BC757C500F984B8 /* Build configuration list for PBXNativeTarget "jianfanjia-designer" */ = {
			isa = XCConfigurationList;
			buildConfigurations = (
				6E0426971BC757C500F984B8 /* Debug */,
				6E0426981BC757C500F984B8 /* Release */,
			);
			defaultConfigurationIsVisible = 0;
			defaultConfigurationName = Release;
		};
		6E0426991BC757C500F984B8 /* Build configuration list for PBXNativeTarget "jianfanjia-designerTests" */ = {
			isa = XCConfigurationList;
			buildConfigurations = (
				6E04269A1BC757C500F984B8 /* Debug */,
				6E04269B1BC757C500F984B8 /* Release */,
			);
			defaultConfigurationIsVisible = 0;
			defaultConfigurationName = Release;
		};
		6E04269C1BC757C500F984B8 /* Build configuration list for PBXNativeTarget "jianfanjia-designerUITests" */ = {
			isa = XCConfigurationList;
			buildConfigurations = (
				6E04269D1BC757C500F984B8 /* Debug */,
				6E04269E1BC757C500F984B8 /* Release */,
			);
			defaultConfigurationIsVisible = 0;
			defaultConfigurationName = Release;
		};
/* End XCConfigurationList section */

/* Begin XCVersionGroup section */
		6E378CF01BDA2D2E00908B77 /* Model.xcdatamodeld */ = {
			isa = XCVersionGroup;
			children = (
				6E378CF11BDA2D2E00908B77 /* Model.xcdatamodel */,
			);
			currentVersion = 6E378CF11BDA2D2E00908B77 /* Model.xcdatamodel */;
			path = Model.xcdatamodeld;
			sourceTree = "<group>";
			versionGroupType = wrapper.xcdatamodel;
		};
/* End XCVersionGroup section */
	};
	rootObject = 6E0426611BC757C500F984B8 /* Project object */;
}
