// !$*UTF8*$!
{
	archiveVersion = 1;
	classes = {
	};
	objectVersion = 46;
	objects = {

/* Begin PBXBuildFile section */
		6846C3941BE8C421009692D8 /* RequirementCreateViewController.m in Sources */ = {isa = PBXBuildFile; fileRef = 6846C3921BE8C421009692D8 /* RequirementCreateViewController.m */; };
		6846C3951BE8C421009692D8 /* RequirementCreateViewController.xib in Resources */ = {isa = PBXBuildFile; fileRef = 6846C3931BE8C421009692D8 /* RequirementCreateViewController.xib */; };
		685B51061BE76D45001C8B34 /* UIColor+Ex.m in Sources */ = {isa = PBXBuildFile; fileRef = 685B51051BE76D45001C8B34 /* UIColor+Ex.m */; };
		68E505661BF0BB0100B0B910 /* SelectCityViewController.m in Sources */ = {isa = PBXBuildFile; fileRef = 68E505641BF0BB0100B0B910 /* SelectCityViewController.m */; };
		68E505671BF0BB0100B0B910 /* SelectCityViewController.xib in Resources */ = {isa = PBXBuildFile; fileRef = 68E505651BF0BB0100B0B910 /* SelectCityViewController.xib */; };
		6E07DAA51BD88DBE001461DD /* API.m in Sources */ = {isa = PBXBuildFile; fileRef = 6E07DA471BD88DBE001461DD /* API.m */; };
		6E07DAA61BD88DBE001461DD /* BaseRequest.m in Sources */ = {isa = PBXBuildFile; fileRef = 6E07DA4A1BD88DBE001461DD /* BaseRequest.m */; };
		6E07DAA71BD88DBE001461DD /* GetProcess.m in Sources */ = {isa = PBXBuildFile; fileRef = 6E07DA4C1BD88DBE001461DD /* GetProcess.m */; };
		6E07DAA81BD88DBE001461DD /* GetUserRequirement.m in Sources */ = {isa = PBXBuildFile; fileRef = 6E07DA4E1BD88DBE001461DD /* GetUserRequirement.m */; };
		6E07DAA91BD88DBE001461DD /* UserLogin.m in Sources */ = {isa = PBXBuildFile; fileRef = 6E07DA501BD88DBE001461DD /* UserLogin.m */; };
		6E07DAAA1BD88DBE001461DD /* ProcessList.m in Sources */ = {isa = PBXBuildFile; fileRef = 6E07DA521BD88DBE001461DD /* ProcessList.m */; };
		6E07DAAB1BD88DBE001461DD /* SendVerifyCode.m in Sources */ = {isa = PBXBuildFile; fileRef = 6E07DA551BD88DBE001461DD /* SendVerifyCode.m */; };
		6E07DAAC1BD88DBE001461DD /* AccountBusiness.m in Sources */ = {isa = PBXBuildFile; fileRef = 6E07DA581BD88DBE001461DD /* AccountBusiness.m */; };
		6E07DAAD1BD88DBE001461DD /* ProcessBusiness.m in Sources */ = {isa = PBXBuildFile; fileRef = 6E07DA5B1BD88DBE001461DD /* ProcessBusiness.m */; };
		6E07DAB91BD88DBE001461DD /* NSManagedObject+Ex.m in Sources */ = {isa = PBXBuildFile; fileRef = 6E07DA781BD88DBE001461DD /* NSManagedObject+Ex.m */; };
		6E07DABA1BD88DBE001461DD /* NSManagedObjectContext+Ex.m in Sources */ = {isa = PBXBuildFile; fileRef = 6E07DA7A1BD88DBE001461DD /* NSManagedObjectContext+Ex.m */; };
		6E07DABB1BD88DBE001461DD /* NSObject+Ex.m in Sources */ = {isa = PBXBuildFile; fileRef = 6E07DA7C1BD88DBE001461DD /* NSObject+Ex.m */; };
		6E07DABC1BD88DBE001461DD /* NSString+Ex.m in Sources */ = {isa = PBXBuildFile; fileRef = 6E07DA7E1BD88DBE001461DD /* NSString+Ex.m */; };
		6E07DABD1BD88DBE001461DD /* UIButton+Ex.m in Sources */ = {isa = PBXBuildFile; fileRef = 6E07DA801BD88DBE001461DD /* UIButton+Ex.m */; };
		6E07DABE1BD88DBE001461DD /* UIImageView+Ex.m in Sources */ = {isa = PBXBuildFile; fileRef = 6E07DA821BD88DBE001461DD /* UIImageView+Ex.m */; };
		6E07DABF1BD88DBE001461DD /* UIView+Ex.m in Sources */ = {isa = PBXBuildFile; fileRef = 6E07DA841BD88DBE001461DD /* UIView+Ex.m */; };
		6E07DAC01BD88DBE001461DD /* DataManager.m in Sources */ = {isa = PBXBuildFile; fileRef = 6E07DA871BD88DBE001461DD /* DataManager.m */; };
		6E07DAC11BD88DBE001461DD /* GVUserDefaults+Manager.m in Sources */ = {isa = PBXBuildFile; fileRef = 6E07DA891BD88DBE001461DD /* GVUserDefaults+Manager.m */; };
		6E07DAC21BD88DBE001461DD /* BaseModel.m in Sources */ = {isa = PBXBuildFile; fileRef = 6E07DA8D1BD88DBE001461DD /* BaseModel.m */; };
		6E07DAC31BD88DBE001461DD /* Comment.m in Sources */ = {isa = PBXBuildFile; fileRef = 6E07DA8F1BD88DBE001461DD /* Comment.m */; };
		6E07DAC41BD88DBE001461DD /* Designer.m in Sources */ = {isa = PBXBuildFile; fileRef = 6E07DA911BD88DBE001461DD /* Designer.m */; };
		6E07DAC51BD88DBE001461DD /* Item.m in Sources */ = {isa = PBXBuildFile; fileRef = 6E07DA931BD88DBE001461DD /* Item.m */; };
		6E07DAC61BD88DBE001461DD /* Process.m in Sources */ = {isa = PBXBuildFile; fileRef = 6E07DA961BD88DBE001461DD /* Process.m */; };
		6E07DAC71BD88DBE001461DD /* Section.m in Sources */ = {isa = PBXBuildFile; fileRef = 6E07DA981BD88DBE001461DD /* Section.m */; };
		6E07DAC81BD88DBE001461DD /* User.m in Sources */ = {isa = PBXBuildFile; fileRef = 6E07DA9A1BD88DBE001461DD /* User.m */; };
		6E07DAC91BD88DBE001461DD /* Ys.m in Sources */ = {isa = PBXBuildFile; fileRef = 6E07DA9C1BD88DBE001461DD /* Ys.m */; };
		6E07DACA1BD88DBE001461DD /* BaseDynamicObject.m in Sources */ = {isa = PBXBuildFile; fileRef = 6E07DA9F1BD88DBE001461DD /* BaseDynamicObject.m */; };
		6E07DACB1BD88DBE001461DD /* HUDUtil.m in Sources */ = {isa = PBXBuildFile; fileRef = 6E07DAA11BD88DBE001461DD /* HUDUtil.m */; };
		6E07DACC1BD88DBE001461DD /* LogFormatter.m in Sources */ = {isa = PBXBuildFile; fileRef = 6E07DAA31BD88DBE001461DD /* LogFormatter.m */; };
		6E07DAD51BD8BACD001461DD /* Constant.m in Sources */ = {isa = PBXBuildFile; fileRef = 6E07DAD41BD8BACD001461DD /* Constant.m */; };
		6E07DAD81BD8C6AF001461DD /* Bc.m in Sources */ = {isa = PBXBuildFile; fileRef = 6E07DAD71BD8C6AF001461DD /* Bc.m */; };
		6E20B2281B87223600E3A8DA /* main.m in Sources */ = {isa = PBXBuildFile; fileRef = 6E20B2271B87223600E3A8DA /* main.m */; };
		6E20B22B1B87223600E3A8DA /* AppDelegate.m in Sources */ = {isa = PBXBuildFile; fileRef = 6E20B22A1B87223600E3A8DA /* AppDelegate.m */; };
		6E20B2331B87223600E3A8DA /* Images.xcassets in Resources */ = {isa = PBXBuildFile; fileRef = 6E20B2321B87223600E3A8DA /* Images.xcassets */; };
		6E20B2361B87223600E3A8DA /* LaunchScreen.xib in Resources */ = {isa = PBXBuildFile; fileRef = 6E20B2341B87223600E3A8DA /* LaunchScreen.xib */; };
		6E20B2421B87223600E3A8DA /* jianfanjiaTests.m in Sources */ = {isa = PBXBuildFile; fileRef = 6E20B2411B87223600E3A8DA /* jianfanjiaTests.m */; };
		6E2DCAAD1BB5207400591A16 /* LeftViewController.m in Sources */ = {isa = PBXBuildFile; fileRef = 6E2DCAAB1BB5207400591A16 /* LeftViewController.m */; };
		6E2DCAAE1BB5207400591A16 /* LeftViewController.xib in Resources */ = {isa = PBXBuildFile; fileRef = 6E2DCAAC1BB5207400591A16 /* LeftViewController.xib */; };
		6E6D988D1BDDC9C800D45F77 /* W1View.m in Sources */ = {isa = PBXBuildFile; fileRef = 6E6D988C1BDDC9C800D45F77 /* W1View.m */; };
		6E6D988F1BDDC9DC00D45F77 /* W1View.xib in Resources */ = {isa = PBXBuildFile; fileRef = 6E6D988E1BDDC9DC00D45F77 /* W1View.xib */; };
		6E6D98911BDDFD9700D45F77 /* W2View.xib in Resources */ = {isa = PBXBuildFile; fileRef = 6E6D98901BDDFD9700D45F77 /* W2View.xib */; };
		6E6D98941BDDFDAB00D45F77 /* W2View.m in Sources */ = {isa = PBXBuildFile; fileRef = 6E6D98931BDDFDAB00D45F77 /* W2View.m */; };
		6E6D98961BDDFE5500D45F77 /* W3View.xib in Resources */ = {isa = PBXBuildFile; fileRef = 6E6D98951BDDFE5500D45F77 /* W3View.xib */; };
		6E6D98981BDDFE6A00D45F77 /* W3View.m in Sources */ = {isa = PBXBuildFile; fileRef = 6E6D98971BDDFE6A00D45F77 /* W3View.m */; };
		6E6D989B1BDDFEC900D45F77 /* W4View.xib in Resources */ = {isa = PBXBuildFile; fileRef = 6E6D989A1BDDFEC900D45F77 /* W4View.xib */; };
		6E6D989E1BDDFF1B00D45F77 /* W4View.m in Sources */ = {isa = PBXBuildFile; fileRef = 6E6D989D1BDDFF1B00D45F77 /* W4View.m */; };
		6E6D98A21BDF5EBE00D45F77 /* TabViewController.m in Sources */ = {isa = PBXBuildFile; fileRef = 6E6D98A01BDF5EBE00D45F77 /* TabViewController.m */; };
		6E6D98AA1BDF733F00D45F77 /* HomePageViewController.m in Sources */ = {isa = PBXBuildFile; fileRef = 6E6D98A81BDF733F00D45F77 /* HomePageViewController.m */; };
		6E6D98AB1BDF733F00D45F77 /* HomePageViewController.xib in Resources */ = {isa = PBXBuildFile; fileRef = 6E6D98A91BDF733F00D45F77 /* HomePageViewController.xib */; };
		6E6D98B01BDF736A00D45F77 /* RequirementListViewController.m in Sources */ = {isa = PBXBuildFile; fileRef = 6E6D98AE1BDF736A00D45F77 /* RequirementListViewController.m */; };
		6E6D98B11BDF736A00D45F77 /* RequirementListViewController.xib in Resources */ = {isa = PBXBuildFile; fileRef = 6E6D98AF1BDF736A00D45F77 /* RequirementListViewController.xib */; };
		6E6D98B61BDF73DE00D45F77 /* MeViewController.m in Sources */ = {isa = PBXBuildFile; fileRef = 6E6D98B41BDF73DE00D45F77 /* MeViewController.m */; };
		6E6D98B71BDF73DE00D45F77 /* MeViewController.xib in Resources */ = {isa = PBXBuildFile; fileRef = 6E6D98B51BDF73DE00D45F77 /* MeViewController.xib */; };
		6E6D98BA1BE05F9600D45F77 /* HomePageDesigners.m in Sources */ = {isa = PBXBuildFile; fileRef = 6E6D98B91BE05F9600D45F77 /* HomePageDesigners.m */; };
		6E6D98C01BE0637700D45F77 /* Product.m in Sources */ = {isa = PBXBuildFile; fileRef = 6E6D98BF1BE0637700D45F77 /* Product.m */; };
		6E6D98C31BE0665700D45F77 /* Requirement.m in Sources */ = {isa = PBXBuildFile; fileRef = 6E6D98C21BE0665700D45F77 /* Requirement.m */; };
		6E6D98CA1BE0AB7C00D45F77 /* HomePageRequirementCell.m in Sources */ = {isa = PBXBuildFile; fileRef = 6E6D98C81BE0AB7C00D45F77 /* HomePageRequirementCell.m */; };
		6E6D98CB1BE0AB7C00D45F77 /* HomePageRequirementCell.xib in Resources */ = {isa = PBXBuildFile; fileRef = 6E6D98C91BE0AB7C00D45F77 /* HomePageRequirementCell.xib */; };
		6E6D98CF1BE0C34000D45F77 /* HomePageRecDesignersCell.m in Sources */ = {isa = PBXBuildFile; fileRef = 6E6D98CD1BE0C34000D45F77 /* HomePageRecDesignersCell.m */; };
		6E6D98D01BE0C34000D45F77 /* HomePageRecDesignersCell.xib in Resources */ = {isa = PBXBuildFile; fileRef = 6E6D98CE1BE0C34000D45F77 /* HomePageRecDesignersCell.xib */; };
		6E6D98D41BE0D62F00D45F77 /* HomePageDesignerCell.m in Sources */ = {isa = PBXBuildFile; fileRef = 6E6D98D21BE0D62F00D45F77 /* HomePageDesignerCell.m */; };
		6E6D98D51BE0D62F00D45F77 /* HomePageDesignerCell.xib in Resources */ = {isa = PBXBuildFile; fileRef = 6E6D98D31BE0D62F00D45F77 /* HomePageDesignerCell.xib */; };
		6E6D98D81BE1BD3500D45F77 /* ProductImage.m in Sources */ = {isa = PBXBuildFile; fileRef = 6E6D98D71BE1BD3500D45F77 /* ProductImage.m */; };
		6E6D98DD1BE203B300D45F77 /* ProductViewController.m in Sources */ = {isa = PBXBuildFile; fileRef = 6E6D98DB1BE203B300D45F77 /* ProductViewController.m */; };
		6E6D98DE1BE203B300D45F77 /* ProductViewController.xib in Resources */ = {isa = PBXBuildFile; fileRef = 6E6D98DC1BE203B300D45F77 /* ProductViewController.xib */; };
		6E6D98E11BE205DE00D45F77 /* NameDict.m in Sources */ = {isa = PBXBuildFile; fileRef = 6E6D98E01BE205DE00D45F77 /* NameDict.m */; };
		6E6D98E61BE343E400D45F77 /* DesignerViewController.m in Sources */ = {isa = PBXBuildFile; fileRef = 6E6D98E41BE343E400D45F77 /* DesignerViewController.m */; };
		6E6D98E71BE343E400D45F77 /* DesignerViewController.xib in Resources */ = {isa = PBXBuildFile; fileRef = 6E6D98E51BE343E400D45F77 /* DesignerViewController.xib */; };
		6E6D98EB1BE345BC00D45F77 /* ProductInfoCell.m in Sources */ = {isa = PBXBuildFile; fileRef = 6E6D98E91BE345BC00D45F77 /* ProductInfoCell.m */; };
		6E6D98EC1BE345BC00D45F77 /* ProductInfoCell.xib in Resources */ = {isa = PBXBuildFile; fileRef = 6E6D98EA1BE345BC00D45F77 /* ProductInfoCell.xib */; };
		6E6D98F01BE34E2700D45F77 /* ProductImageCell.m in Sources */ = {isa = PBXBuildFile; fileRef = 6E6D98EE1BE34E2700D45F77 /* ProductImageCell.m */; };
		6E6D98F11BE34E2700D45F77 /* ProductImageCell.xib in Resources */ = {isa = PBXBuildFile; fileRef = 6E6D98EF1BE34E2700D45F77 /* ProductImageCell.xib */; };
		6E6D98F41BE35DD000D45F77 /* ProductHomePage.m in Sources */ = {isa = PBXBuildFile; fileRef = 6E6D98F31BE35DD000D45F77 /* ProductHomePage.m */; };
		6E7867071BA9164700DE8B1B /* ProcessViewController.m in Sources */ = {isa = PBXBuildFile; fileRef = 6E7867051BA9164700DE8B1B /* ProcessViewController.m */; };
		6E7867081BA9164700DE8B1B /* ProcessViewController.xib in Resources */ = {isa = PBXBuildFile; fileRef = 6E7867061BA9164700DE8B1B /* ProcessViewController.xib */; };
		6E78670C1BA920D900DE8B1B /* BannerCell.m in Sources */ = {isa = PBXBuildFile; fileRef = 6E78670A1BA920D900DE8B1B /* BannerCell.m */; };
		6E78670D1BA920D900DE8B1B /* BannerCell.xib in Resources */ = {isa = PBXBuildFile; fileRef = 6E78670B1BA920D900DE8B1B /* BannerCell.xib */; };
		6E7867111BA942C700DE8B1B /* SectionCell.m in Sources */ = {isa = PBXBuildFile; fileRef = 6E78670F1BA942C700DE8B1B /* SectionCell.m */; };
		6E7867121BA942C700DE8B1B /* SectionCell.xib in Resources */ = {isa = PBXBuildFile; fileRef = 6E7867101BA942C700DE8B1B /* SectionCell.xib */; };
		6E7867161BA944AF00DE8B1B /* ItemCell.m in Sources */ = {isa = PBXBuildFile; fileRef = 6E7867141BA944AF00DE8B1B /* ItemCell.m */; };
		6E7867171BA944AF00DE8B1B /* ItemCell.xib in Resources */ = {isa = PBXBuildFile; fileRef = 6E7867151BA944AF00DE8B1B /* ItemCell.xib */; };
		6E7867261BAA534400DE8B1B /* SectionView.m in Sources */ = {isa = PBXBuildFile; fileRef = 6E7867251BAA534400DE8B1B /* SectionView.m */; };
		6E7867281BAA538E00DE8B1B /* SectionView.xib in Resources */ = {isa = PBXBuildFile; fileRef = 6E7867271BAA538E00DE8B1B /* SectionView.xib */; };
		6E7E4A651B9A902500503B35 /* BaseViewController.m in Sources */ = {isa = PBXBuildFile; fileRef = 6E7E4A641B9A902500503B35 /* BaseViewController.m */; };
		6E7E4A691B9A90BA00503B35 /* LoginViewController.m in Sources */ = {isa = PBXBuildFile; fileRef = 6E7E4A671B9A90BA00503B35 /* LoginViewController.m */; };
		6E7E4A6A1B9A90BA00503B35 /* LoginViewController.xib in Resources */ = {isa = PBXBuildFile; fileRef = 6E7E4A681B9A90BA00503B35 /* LoginViewController.xib */; };
		6E7E4A7D1B9D325400503B35 /* ViewControllerContainer.m in Sources */ = {isa = PBXBuildFile; fileRef = 6E7E4A7C1B9D325400503B35 /* ViewControllerContainer.m */; };
		6E7E4A891B9EC2D700503B35 /* WelcomeViewController.m in Sources */ = {isa = PBXBuildFile; fileRef = 6E7E4A871B9EC2D700503B35 /* WelcomeViewController.m */; };
		6E7E4A8A1B9EC2D700503B35 /* WelcomeViewController.xib in Resources */ = {isa = PBXBuildFile; fileRef = 6E7E4A881B9EC2D700503B35 /* WelcomeViewController.xib */; };
		6E838D9A1BE6EF49000BF5CD /* ImageDetailViewController.m in Sources */ = {isa = PBXBuildFile; fileRef = 6E838D981BE6EF49000BF5CD /* ImageDetailViewController.m */; };
		6E838D9B1BE6EF49000BF5CD /* ImageDetailViewController.xib in Resources */ = {isa = PBXBuildFile; fileRef = 6E838D991BE6EF49000BF5CD /* ImageDetailViewController.xib */; };
		6E838D9E1BE6FB3A000BF5CD /* NSArray+Ex.m in Sources */ = {isa = PBXBuildFile; fileRef = 6E838D9D1BE6FB3A000BF5CD /* NSArray+Ex.m */; };
		6E838DA21BEB37BD000BF5CD /* DesignerInfoCell.m in Sources */ = {isa = PBXBuildFile; fileRef = 6E838DA01BEB37BD000BF5CD /* DesignerInfoCell.m */; };
		6E838DA31BEB37BD000BF5CD /* DesignerInfoCell.xib in Resources */ = {isa = PBXBuildFile; fileRef = 6E838DA11BEB37BD000BF5CD /* DesignerInfoCell.xib */; };
		6E838DA71BEB4273000BF5CD /* DesignerSectionCell.m in Sources */ = {isa = PBXBuildFile; fileRef = 6E838DA51BEB4273000BF5CD /* DesignerSectionCell.m */; };
		6E838DA81BEB4273000BF5CD /* DesignerSectionCell.xib in Resources */ = {isa = PBXBuildFile; fileRef = 6E838DA61BEB4273000BF5CD /* DesignerSectionCell.xib */; };
		6E838DAC1BEB44B1000BF5CD /* DesignerDetailCell.m in Sources */ = {isa = PBXBuildFile; fileRef = 6E838DAA1BEB44B1000BF5CD /* DesignerDetailCell.m */; };
		6E838DAD1BEB44B1000BF5CD /* DesignerDetailCell.xib in Resources */ = {isa = PBXBuildFile; fileRef = 6E838DAB1BEB44B1000BF5CD /* DesignerDetailCell.xib */; };
		6E838DB11BEB4FE1000BF5CD /* DesignerProductCell.m in Sources */ = {isa = PBXBuildFile; fileRef = 6E838DAF1BEB4FE1000BF5CD /* DesignerProductCell.m */; };
		6E838DB21BEB4FE1000BF5CD /* DesignerProductCell.xib in Resources */ = {isa = PBXBuildFile; fileRef = 6E838DB01BEB4FE1000BF5CD /* DesignerProductCell.xib */; };
		6E838DB51BEB5603000BF5CD /* DesignerHomePage.m in Sources */ = {isa = PBXBuildFile; fileRef = 6E838DB41BEB5603000BF5CD /* DesignerHomePage.m */; };
		6E838DB81BECA39B000BF5CD /* QueryProduct.m in Sources */ = {isa = PBXBuildFile; fileRef = 6E838DB71BECA39B000BF5CD /* QueryProduct.m */; };
		AD89AE501BF4960000B24959 /* NSDate+Ex.m in Sources */ = {isa = PBXBuildFile; fileRef = AD89AE4F1BF4960000B24959 /* NSDate+Ex.m */; };
		E344BCC23CA6FEF24334CD1D /* libPods.a in Frameworks */ = {isa = PBXBuildFile; fileRef = 44D2BD40530E2CA1D84D921D /* libPods.a */; };
/* End PBXBuildFile section */

/* Begin PBXContainerItemProxy section */
		6E20B23C1B87223600E3A8DA /* PBXContainerItemProxy */ = {
			isa = PBXContainerItemProxy;
			containerPortal = 6E20B21A1B87223600E3A8DA /* Project object */;
			proxyType = 1;
			remoteGlobalIDString = 6E20B2211B87223600E3A8DA;
			remoteInfo = jianfanjia;
		};
/* End PBXContainerItemProxy section */

/* Begin PBXFileReference section */
		44D2BD40530E2CA1D84D921D /* libPods.a */ = {isa = PBXFileReference; explicitFileType = archive.ar; includeInIndex = 0; path = libPods.a; sourceTree = BUILT_PRODUCTS_DIR; };
		6846C3911BE8C421009692D8 /* RequirementCreateViewController.h */ = {isa = PBXFileReference; fileEncoding = 4; lastKnownFileType = sourcecode.c.h; path = RequirementCreateViewController.h; sourceTree = "<group>"; };
		6846C3921BE8C421009692D8 /* RequirementCreateViewController.m */ = {isa = PBXFileReference; fileEncoding = 4; lastKnownFileType = sourcecode.c.objc; path = RequirementCreateViewController.m; sourceTree = "<group>"; };
		6846C3931BE8C421009692D8 /* RequirementCreateViewController.xib */ = {isa = PBXFileReference; fileEncoding = 4; lastKnownFileType = file.xib; path = RequirementCreateViewController.xib; sourceTree = "<group>"; };
		685B51041BE76D45001C8B34 /* UIColor+Ex.h */ = {isa = PBXFileReference; fileEncoding = 4; lastKnownFileType = sourcecode.c.h; path = "UIColor+Ex.h"; sourceTree = "<group>"; };
		685B51051BE76D45001C8B34 /* UIColor+Ex.m */ = {isa = PBXFileReference; fileEncoding = 4; lastKnownFileType = sourcecode.c.objc; path = "UIColor+Ex.m"; sourceTree = "<group>"; };
		68E505631BF0BB0100B0B910 /* SelectCityViewController.h */ = {isa = PBXFileReference; fileEncoding = 4; lastKnownFileType = sourcecode.c.h; path = SelectCityViewController.h; sourceTree = "<group>"; };
		68E505641BF0BB0100B0B910 /* SelectCityViewController.m */ = {isa = PBXFileReference; fileEncoding = 4; lastKnownFileType = sourcecode.c.objc; path = SelectCityViewController.m; sourceTree = "<group>"; };
		68E505651BF0BB0100B0B910 /* SelectCityViewController.xib */ = {isa = PBXFileReference; fileEncoding = 4; lastKnownFileType = file.xib; path = SelectCityViewController.xib; sourceTree = "<group>"; };
		6E07DA461BD88DBE001461DD /* API.h */ = {isa = PBXFileReference; fileEncoding = 4; lastKnownFileType = sourcecode.c.h; path = API.h; sourceTree = "<group>"; };
		6E07DA471BD88DBE001461DD /* API.m */ = {isa = PBXFileReference; fileEncoding = 4; lastKnownFileType = sourcecode.c.objc; path = API.m; sourceTree = "<group>"; };
		6E07DA491BD88DBE001461DD /* BaseRequest.h */ = {isa = PBXFileReference; fileEncoding = 4; lastKnownFileType = sourcecode.c.h; path = BaseRequest.h; sourceTree = "<group>"; };
		6E07DA4A1BD88DBE001461DD /* BaseRequest.m */ = {isa = PBXFileReference; fileEncoding = 4; lastKnownFileType = sourcecode.c.objc; path = BaseRequest.m; sourceTree = "<group>"; };
		6E07DA4B1BD88DBE001461DD /* GetProcess.h */ = {isa = PBXFileReference; fileEncoding = 4; lastKnownFileType = sourcecode.c.h; path = GetProcess.h; sourceTree = "<group>"; };
		6E07DA4C1BD88DBE001461DD /* GetProcess.m */ = {isa = PBXFileReference; fileEncoding = 4; lastKnownFileType = sourcecode.c.objc; path = GetProcess.m; sourceTree = "<group>"; };
		6E07DA4D1BD88DBE001461DD /* GetUserRequirement.h */ = {isa = PBXFileReference; fileEncoding = 4; lastKnownFileType = sourcecode.c.h; path = GetUserRequirement.h; sourceTree = "<group>"; };
		6E07DA4E1BD88DBE001461DD /* GetUserRequirement.m */ = {isa = PBXFileReference; fileEncoding = 4; lastKnownFileType = sourcecode.c.objc; path = GetUserRequirement.m; sourceTree = "<group>"; };
		6E07DA4F1BD88DBE001461DD /* UserLogin.h */ = {isa = PBXFileReference; fileEncoding = 4; lastKnownFileType = sourcecode.c.h; path = UserLogin.h; sourceTree = "<group>"; };
		6E07DA501BD88DBE001461DD /* UserLogin.m */ = {isa = PBXFileReference; fileEncoding = 4; lastKnownFileType = sourcecode.c.objc; path = UserLogin.m; sourceTree = "<group>"; };
		6E07DA511BD88DBE001461DD /* ProcessList.h */ = {isa = PBXFileReference; fileEncoding = 4; lastKnownFileType = sourcecode.c.h; path = ProcessList.h; sourceTree = "<group>"; };
		6E07DA521BD88DBE001461DD /* ProcessList.m */ = {isa = PBXFileReference; fileEncoding = 4; lastKnownFileType = sourcecode.c.objc; path = ProcessList.m; sourceTree = "<group>"; };
		6E07DA531BD88DBE001461DD /* Request.h */ = {isa = PBXFileReference; fileEncoding = 4; lastKnownFileType = sourcecode.c.h; path = Request.h; sourceTree = "<group>"; };
		6E07DA541BD88DBE001461DD /* SendVerifyCode.h */ = {isa = PBXFileReference; fileEncoding = 4; lastKnownFileType = sourcecode.c.h; path = SendVerifyCode.h; sourceTree = "<group>"; };
		6E07DA551BD88DBE001461DD /* SendVerifyCode.m */ = {isa = PBXFileReference; fileEncoding = 4; lastKnownFileType = sourcecode.c.objc; path = SendVerifyCode.m; sourceTree = "<group>"; };
		6E07DA571BD88DBE001461DD /* AccountBusiness.h */ = {isa = PBXFileReference; fileEncoding = 4; lastKnownFileType = sourcecode.c.h; path = AccountBusiness.h; sourceTree = "<group>"; };
		6E07DA581BD88DBE001461DD /* AccountBusiness.m */ = {isa = PBXFileReference; fileEncoding = 4; lastKnownFileType = sourcecode.c.objc; path = AccountBusiness.m; sourceTree = "<group>"; };
		6E07DA591BD88DBE001461DD /* Business.h */ = {isa = PBXFileReference; fileEncoding = 4; lastKnownFileType = sourcecode.c.h; path = Business.h; sourceTree = "<group>"; };
		6E07DA5A1BD88DBE001461DD /* ProcessBusiness.h */ = {isa = PBXFileReference; fileEncoding = 4; lastKnownFileType = sourcecode.c.h; path = ProcessBusiness.h; sourceTree = "<group>"; };
		6E07DA5B1BD88DBE001461DD /* ProcessBusiness.m */ = {isa = PBXFileReference; fileEncoding = 4; lastKnownFileType = sourcecode.c.objc; path = ProcessBusiness.m; sourceTree = "<group>"; };
		6E07DA761BD88DBE001461DD /* Ex.h */ = {isa = PBXFileReference; fileEncoding = 4; lastKnownFileType = sourcecode.c.h; path = Ex.h; sourceTree = "<group>"; };
		6E07DA771BD88DBE001461DD /* NSManagedObject+Ex.h */ = {isa = PBXFileReference; fileEncoding = 4; lastKnownFileType = sourcecode.c.h; path = "NSManagedObject+Ex.h"; sourceTree = "<group>"; };
		6E07DA781BD88DBE001461DD /* NSManagedObject+Ex.m */ = {isa = PBXFileReference; fileEncoding = 4; lastKnownFileType = sourcecode.c.objc; path = "NSManagedObject+Ex.m"; sourceTree = "<group>"; };
		6E07DA791BD88DBE001461DD /* NSManagedObjectContext+Ex.h */ = {isa = PBXFileReference; fileEncoding = 4; lastKnownFileType = sourcecode.c.h; path = "NSManagedObjectContext+Ex.h"; sourceTree = "<group>"; };
		6E07DA7A1BD88DBE001461DD /* NSManagedObjectContext+Ex.m */ = {isa = PBXFileReference; fileEncoding = 4; lastKnownFileType = sourcecode.c.objc; path = "NSManagedObjectContext+Ex.m"; sourceTree = "<group>"; };
		6E07DA7B1BD88DBE001461DD /* NSObject+Ex.h */ = {isa = PBXFileReference; fileEncoding = 4; lastKnownFileType = sourcecode.c.h; path = "NSObject+Ex.h"; sourceTree = "<group>"; };
		6E07DA7C1BD88DBE001461DD /* NSObject+Ex.m */ = {isa = PBXFileReference; fileEncoding = 4; lastKnownFileType = sourcecode.c.objc; path = "NSObject+Ex.m"; sourceTree = "<group>"; };
		6E07DA7D1BD88DBE001461DD /* NSString+Ex.h */ = {isa = PBXFileReference; fileEncoding = 4; lastKnownFileType = sourcecode.c.h; path = "NSString+Ex.h"; sourceTree = "<group>"; };
		6E07DA7E1BD88DBE001461DD /* NSString+Ex.m */ = {isa = PBXFileReference; fileEncoding = 4; lastKnownFileType = sourcecode.c.objc; path = "NSString+Ex.m"; sourceTree = "<group>"; };
		6E07DA7F1BD88DBE001461DD /* UIButton+Ex.h */ = {isa = PBXFileReference; fileEncoding = 4; lastKnownFileType = sourcecode.c.h; path = "UIButton+Ex.h"; sourceTree = "<group>"; };
		6E07DA801BD88DBE001461DD /* UIButton+Ex.m */ = {isa = PBXFileReference; fileEncoding = 4; lastKnownFileType = sourcecode.c.objc; path = "UIButton+Ex.m"; sourceTree = "<group>"; };
		6E07DA811BD88DBE001461DD /* UIImageView+Ex.h */ = {isa = PBXFileReference; fileEncoding = 4; lastKnownFileType = sourcecode.c.h; path = "UIImageView+Ex.h"; sourceTree = "<group>"; };
		6E07DA821BD88DBE001461DD /* UIImageView+Ex.m */ = {isa = PBXFileReference; fileEncoding = 4; lastKnownFileType = sourcecode.c.objc; path = "UIImageView+Ex.m"; sourceTree = "<group>"; };
		6E07DA831BD88DBE001461DD /* UIView+Ex.h */ = {isa = PBXFileReference; fileEncoding = 4; lastKnownFileType = sourcecode.c.h; path = "UIView+Ex.h"; sourceTree = "<group>"; };
		6E07DA841BD88DBE001461DD /* UIView+Ex.m */ = {isa = PBXFileReference; fileEncoding = 4; lastKnownFileType = sourcecode.c.objc; path = "UIView+Ex.m"; sourceTree = "<group>"; };
		6E07DA861BD88DBE001461DD /* DataManager.h */ = {isa = PBXFileReference; fileEncoding = 4; lastKnownFileType = sourcecode.c.h; path = DataManager.h; sourceTree = "<group>"; };
		6E07DA871BD88DBE001461DD /* DataManager.m */ = {isa = PBXFileReference; fileEncoding = 4; lastKnownFileType = sourcecode.c.objc; path = DataManager.m; sourceTree = "<group>"; };
		6E07DA881BD88DBE001461DD /* GVUserDefaults+Manager.h */ = {isa = PBXFileReference; fileEncoding = 4; lastKnownFileType = sourcecode.c.h; path = "GVUserDefaults+Manager.h"; sourceTree = "<group>"; };
		6E07DA891BD88DBE001461DD /* GVUserDefaults+Manager.m */ = {isa = PBXFileReference; fileEncoding = 4; lastKnownFileType = sourcecode.c.objc; path = "GVUserDefaults+Manager.m"; sourceTree = "<group>"; };
		6E07DA8A1BD88DBE001461DD /* Manager.h */ = {isa = PBXFileReference; fileEncoding = 4; lastKnownFileType = sourcecode.c.h; path = Manager.h; sourceTree = "<group>"; };
		6E07DA8C1BD88DBE001461DD /* BaseModel.h */ = {isa = PBXFileReference; fileEncoding = 4; lastKnownFileType = sourcecode.c.h; path = BaseModel.h; sourceTree = "<group>"; };
		6E07DA8D1BD88DBE001461DD /* BaseModel.m */ = {isa = PBXFileReference; fileEncoding = 4; lastKnownFileType = sourcecode.c.objc; path = BaseModel.m; sourceTree = "<group>"; };
		6E07DA8E1BD88DBE001461DD /* Comment.h */ = {isa = PBXFileReference; fileEncoding = 4; lastKnownFileType = sourcecode.c.h; path = Comment.h; sourceTree = "<group>"; };
		6E07DA8F1BD88DBE001461DD /* Comment.m */ = {isa = PBXFileReference; fileEncoding = 4; lastKnownFileType = sourcecode.c.objc; path = Comment.m; sourceTree = "<group>"; };
		6E07DA901BD88DBE001461DD /* Designer.h */ = {isa = PBXFileReference; fileEncoding = 4; lastKnownFileType = sourcecode.c.h; path = Designer.h; sourceTree = "<group>"; };
		6E07DA911BD88DBE001461DD /* Designer.m */ = {isa = PBXFileReference; fileEncoding = 4; lastKnownFileType = sourcecode.c.objc; path = Designer.m; sourceTree = "<group>"; };
		6E07DA921BD88DBE001461DD /* Item.h */ = {isa = PBXFileReference; fileEncoding = 4; lastKnownFileType = sourcecode.c.h; path = Item.h; sourceTree = "<group>"; };
		6E07DA931BD88DBE001461DD /* Item.m */ = {isa = PBXFileReference; fileEncoding = 4; lastKnownFileType = sourcecode.c.objc; path = Item.m; sourceTree = "<group>"; };
		6E07DA941BD88DBE001461DD /* Model.h */ = {isa = PBXFileReference; fileEncoding = 4; lastKnownFileType = sourcecode.c.h; path = Model.h; sourceTree = "<group>"; };
		6E07DA951BD88DBE001461DD /* Process.h */ = {isa = PBXFileReference; fileEncoding = 4; lastKnownFileType = sourcecode.c.h; path = Process.h; sourceTree = "<group>"; };
		6E07DA961BD88DBE001461DD /* Process.m */ = {isa = PBXFileReference; fileEncoding = 4; lastKnownFileType = sourcecode.c.objc; path = Process.m; sourceTree = "<group>"; };
		6E07DA971BD88DBE001461DD /* Section.h */ = {isa = PBXFileReference; fileEncoding = 4; lastKnownFileType = sourcecode.c.h; path = Section.h; sourceTree = "<group>"; };
		6E07DA981BD88DBE001461DD /* Section.m */ = {isa = PBXFileReference; fileEncoding = 4; lastKnownFileType = sourcecode.c.objc; path = Section.m; sourceTree = "<group>"; };
		6E07DA991BD88DBE001461DD /* User.h */ = {isa = PBXFileReference; fileEncoding = 4; lastKnownFileType = sourcecode.c.h; path = User.h; sourceTree = "<group>"; };
		6E07DA9A1BD88DBE001461DD /* User.m */ = {isa = PBXFileReference; fileEncoding = 4; lastKnownFileType = sourcecode.c.objc; path = User.m; sourceTree = "<group>"; };
		6E07DA9B1BD88DBE001461DD /* Ys.h */ = {isa = PBXFileReference; fileEncoding = 4; lastKnownFileType = sourcecode.c.h; path = Ys.h; sourceTree = "<group>"; };
		6E07DA9C1BD88DBE001461DD /* Ys.m */ = {isa = PBXFileReference; fileEncoding = 4; lastKnownFileType = sourcecode.c.objc; path = Ys.m; sourceTree = "<group>"; };
		6E07DA9E1BD88DBE001461DD /* BaseDynamicObject.h */ = {isa = PBXFileReference; fileEncoding = 4; lastKnownFileType = sourcecode.c.h; path = BaseDynamicObject.h; sourceTree = "<group>"; };
		6E07DA9F1BD88DBE001461DD /* BaseDynamicObject.m */ = {isa = PBXFileReference; fileEncoding = 4; lastKnownFileType = sourcecode.c.objc; path = BaseDynamicObject.m; sourceTree = "<group>"; };
		6E07DAA01BD88DBE001461DD /* HUDUtil.h */ = {isa = PBXFileReference; fileEncoding = 4; lastKnownFileType = sourcecode.c.h; path = HUDUtil.h; sourceTree = "<group>"; };
		6E07DAA11BD88DBE001461DD /* HUDUtil.m */ = {isa = PBXFileReference; fileEncoding = 4; lastKnownFileType = sourcecode.c.objc; path = HUDUtil.m; sourceTree = "<group>"; };
		6E07DAA21BD88DBE001461DD /* LogFormatter.h */ = {isa = PBXFileReference; fileEncoding = 4; lastKnownFileType = sourcecode.c.h; path = LogFormatter.h; sourceTree = "<group>"; };
		6E07DAA31BD88DBE001461DD /* LogFormatter.m */ = {isa = PBXFileReference; fileEncoding = 4; lastKnownFileType = sourcecode.c.objc; path = LogFormatter.m; sourceTree = "<group>"; };
		6E07DAA41BD88DBE001461DD /* Util.h */ = {isa = PBXFileReference; fileEncoding = 4; lastKnownFileType = sourcecode.c.h; path = Util.h; sourceTree = "<group>"; };
		6E07DAD21BD8BA8B001461DD /* Macro.h */ = {isa = PBXFileReference; lastKnownFileType = sourcecode.c.h; path = Macro.h; sourceTree = "<group>"; };
		6E07DAD31BD8BACD001461DD /* Constant.h */ = {isa = PBXFileReference; fileEncoding = 4; lastKnownFileType = sourcecode.c.h; path = Constant.h; sourceTree = "<group>"; };
		6E07DAD41BD8BACD001461DD /* Constant.m */ = {isa = PBXFileReference; fileEncoding = 4; lastKnownFileType = sourcecode.c.objc; path = Constant.m; sourceTree = "<group>"; };
		6E07DAD61BD8C6AF001461DD /* Bc.h */ = {isa = PBXFileReference; fileEncoding = 4; lastKnownFileType = sourcecode.c.h; path = Bc.h; sourceTree = "<group>"; };
		6E07DAD71BD8C6AF001461DD /* Bc.m */ = {isa = PBXFileReference; fileEncoding = 4; lastKnownFileType = sourcecode.c.objc; path = Bc.m; sourceTree = "<group>"; };
		6E20B2221B87223600E3A8DA /* jianfanjia.app */ = {isa = PBXFileReference; explicitFileType = wrapper.application; includeInIndex = 0; path = jianfanjia.app; sourceTree = BUILT_PRODUCTS_DIR; };
		6E20B2261B87223600E3A8DA /* Info.plist */ = {isa = PBXFileReference; lastKnownFileType = text.plist.xml; path = Info.plist; sourceTree = "<group>"; };
		6E20B2271B87223600E3A8DA /* main.m */ = {isa = PBXFileReference; lastKnownFileType = sourcecode.c.objc; path = main.m; sourceTree = "<group>"; };
		6E20B2291B87223600E3A8DA /* AppDelegate.h */ = {isa = PBXFileReference; lastKnownFileType = sourcecode.c.h; path = AppDelegate.h; sourceTree = "<group>"; };
		6E20B22A1B87223600E3A8DA /* AppDelegate.m */ = {isa = PBXFileReference; lastKnownFileType = sourcecode.c.objc; path = AppDelegate.m; sourceTree = "<group>"; };
		6E20B2321B87223600E3A8DA /* Images.xcassets */ = {isa = PBXFileReference; lastKnownFileType = folder.assetcatalog; path = Images.xcassets; sourceTree = "<group>"; };
		6E20B2351B87223600E3A8DA /* Base */ = {isa = PBXFileReference; lastKnownFileType = file.xib; name = Base; path = Base.lproj/LaunchScreen.xib; sourceTree = "<group>"; };
		6E20B23B1B87223600E3A8DA /* jianfanjiaTests.xctest */ = {isa = PBXFileReference; explicitFileType = wrapper.cfbundle; includeInIndex = 0; path = jianfanjiaTests.xctest; sourceTree = BUILT_PRODUCTS_DIR; };
		6E20B2401B87223600E3A8DA /* Info.plist */ = {isa = PBXFileReference; lastKnownFileType = text.plist.xml; path = Info.plist; sourceTree = "<group>"; };
		6E20B2411B87223600E3A8DA /* jianfanjiaTests.m */ = {isa = PBXFileReference; lastKnownFileType = sourcecode.c.objc; path = jianfanjiaTests.m; sourceTree = "<group>"; };
		6E2DCAAA1BB5207400591A16 /* LeftViewController.h */ = {isa = PBXFileReference; fileEncoding = 4; lastKnownFileType = sourcecode.c.h; path = LeftViewController.h; sourceTree = "<group>"; };
		6E2DCAAB1BB5207400591A16 /* LeftViewController.m */ = {isa = PBXFileReference; fileEncoding = 4; lastKnownFileType = sourcecode.c.objc; path = LeftViewController.m; sourceTree = "<group>"; };
		6E2DCAAC1BB5207400591A16 /* LeftViewController.xib */ = {isa = PBXFileReference; fileEncoding = 4; lastKnownFileType = file.xib; path = LeftViewController.xib; sourceTree = "<group>"; };
		6E6D988B1BDDC9C800D45F77 /* W1View.h */ = {isa = PBXFileReference; fileEncoding = 4; lastKnownFileType = sourcecode.c.h; path = W1View.h; sourceTree = "<group>"; };
		6E6D988C1BDDC9C800D45F77 /* W1View.m */ = {isa = PBXFileReference; fileEncoding = 4; lastKnownFileType = sourcecode.c.objc; path = W1View.m; sourceTree = "<group>"; };
		6E6D988E1BDDC9DC00D45F77 /* W1View.xib */ = {isa = PBXFileReference; fileEncoding = 4; lastKnownFileType = file.xib; path = W1View.xib; sourceTree = "<group>"; };
		6E6D98901BDDFD9700D45F77 /* W2View.xib */ = {isa = PBXFileReference; fileEncoding = 4; lastKnownFileType = file.xib; path = W2View.xib; sourceTree = "<group>"; };
		6E6D98921BDDFDAB00D45F77 /* W2View.h */ = {isa = PBXFileReference; fileEncoding = 4; lastKnownFileType = sourcecode.c.h; path = W2View.h; sourceTree = "<group>"; };
		6E6D98931BDDFDAB00D45F77 /* W2View.m */ = {isa = PBXFileReference; fileEncoding = 4; lastKnownFileType = sourcecode.c.objc; path = W2View.m; sourceTree = "<group>"; };
		6E6D98951BDDFE5500D45F77 /* W3View.xib */ = {isa = PBXFileReference; fileEncoding = 4; lastKnownFileType = file.xib; path = W3View.xib; sourceTree = "<group>"; };
		6E6D98971BDDFE6A00D45F77 /* W3View.m */ = {isa = PBXFileReference; fileEncoding = 4; lastKnownFileType = sourcecode.c.objc; path = W3View.m; sourceTree = "<group>"; };
		6E6D98991BDDFE7200D45F77 /* W3View.h */ = {isa = PBXFileReference; fileEncoding = 4; lastKnownFileType = sourcecode.c.h; path = W3View.h; sourceTree = "<group>"; };
		6E6D989A1BDDFEC900D45F77 /* W4View.xib */ = {isa = PBXFileReference; fileEncoding = 4; lastKnownFileType = file.xib; path = W4View.xib; sourceTree = "<group>"; };
		6E6D989C1BDDFF1B00D45F77 /* W4View.h */ = {isa = PBXFileReference; fileEncoding = 4; lastKnownFileType = sourcecode.c.h; path = W4View.h; sourceTree = "<group>"; };
		6E6D989D1BDDFF1B00D45F77 /* W4View.m */ = {isa = PBXFileReference; fileEncoding = 4; lastKnownFileType = sourcecode.c.objc; path = W4View.m; sourceTree = "<group>"; };
		6E6D989F1BDF5EBE00D45F77 /* TabViewController.h */ = {isa = PBXFileReference; fileEncoding = 4; lastKnownFileType = sourcecode.c.h; path = TabViewController.h; sourceTree = "<group>"; };
		6E6D98A01BDF5EBE00D45F77 /* TabViewController.m */ = {isa = PBXFileReference; fileEncoding = 4; lastKnownFileType = sourcecode.c.objc; path = TabViewController.m; sourceTree = "<group>"; };
		6E6D98A71BDF733F00D45F77 /* HomePageViewController.h */ = {isa = PBXFileReference; fileEncoding = 4; lastKnownFileType = sourcecode.c.h; path = HomePageViewController.h; sourceTree = "<group>"; };
		6E6D98A81BDF733F00D45F77 /* HomePageViewController.m */ = {isa = PBXFileReference; fileEncoding = 4; lastKnownFileType = sourcecode.c.objc; path = HomePageViewController.m; sourceTree = "<group>"; };
		6E6D98A91BDF733F00D45F77 /* HomePageViewController.xib */ = {isa = PBXFileReference; fileEncoding = 4; lastKnownFileType = file.xib; path = HomePageViewController.xib; sourceTree = "<group>"; };
		6E6D98AD1BDF736A00D45F77 /* RequirementListViewController.h */ = {isa = PBXFileReference; fileEncoding = 4; lastKnownFileType = sourcecode.c.h; path = RequirementListViewController.h; sourceTree = "<group>"; };
		6E6D98AE1BDF736A00D45F77 /* RequirementListViewController.m */ = {isa = PBXFileReference; fileEncoding = 4; lastKnownFileType = sourcecode.c.objc; path = RequirementListViewController.m; sourceTree = "<group>"; };
		6E6D98AF1BDF736A00D45F77 /* RequirementListViewController.xib */ = {isa = PBXFileReference; fileEncoding = 4; lastKnownFileType = file.xib; path = RequirementListViewController.xib; sourceTree = "<group>"; };
		6E6D98B31BDF73DE00D45F77 /* MeViewController.h */ = {isa = PBXFileReference; fileEncoding = 4; lastKnownFileType = sourcecode.c.h; path = MeViewController.h; sourceTree = "<group>"; };
		6E6D98B41BDF73DE00D45F77 /* MeViewController.m */ = {isa = PBXFileReference; fileEncoding = 4; lastKnownFileType = sourcecode.c.objc; path = MeViewController.m; sourceTree = "<group>"; };
		6E6D98B51BDF73DE00D45F77 /* MeViewController.xib */ = {isa = PBXFileReference; fileEncoding = 4; lastKnownFileType = file.xib; path = MeViewController.xib; sourceTree = "<group>"; };
		6E6D98B81BE05F9600D45F77 /* HomePageDesigners.h */ = {isa = PBXFileReference; fileEncoding = 4; lastKnownFileType = sourcecode.c.h; path = HomePageDesigners.h; sourceTree = "<group>"; };
		6E6D98B91BE05F9600D45F77 /* HomePageDesigners.m */ = {isa = PBXFileReference; fileEncoding = 4; lastKnownFileType = sourcecode.c.objc; path = HomePageDesigners.m; sourceTree = "<group>"; };
		6E6D98BE1BE0637700D45F77 /* Product.h */ = {isa = PBXFileReference; fileEncoding = 4; lastKnownFileType = sourcecode.c.h; path = Product.h; sourceTree = "<group>"; };
		6E6D98BF1BE0637700D45F77 /* Product.m */ = {isa = PBXFileReference; fileEncoding = 4; lastKnownFileType = sourcecode.c.objc; path = Product.m; sourceTree = "<group>"; };
		6E6D98C11BE0665700D45F77 /* Requirement.h */ = {isa = PBXFileReference; fileEncoding = 4; lastKnownFileType = sourcecode.c.h; path = Requirement.h; sourceTree = "<group>"; };
		6E6D98C21BE0665700D45F77 /* Requirement.m */ = {isa = PBXFileReference; fileEncoding = 4; lastKnownFileType = sourcecode.c.objc; path = Requirement.m; sourceTree = "<group>"; };
		6E6D98C71BE0AB7C00D45F77 /* HomePageRequirementCell.h */ = {isa = PBXFileReference; fileEncoding = 4; lastKnownFileType = sourcecode.c.h; path = HomePageRequirementCell.h; sourceTree = "<group>"; };
		6E6D98C81BE0AB7C00D45F77 /* HomePageRequirementCell.m */ = {isa = PBXFileReference; fileEncoding = 4; lastKnownFileType = sourcecode.c.objc; path = HomePageRequirementCell.m; sourceTree = "<group>"; };
		6E6D98C91BE0AB7C00D45F77 /* HomePageRequirementCell.xib */ = {isa = PBXFileReference; fileEncoding = 4; lastKnownFileType = file.xib; path = HomePageRequirementCell.xib; sourceTree = "<group>"; };
		6E6D98CC1BE0C34000D45F77 /* HomePageRecDesignersCell.h */ = {isa = PBXFileReference; fileEncoding = 4; lastKnownFileType = sourcecode.c.h; path = HomePageRecDesignersCell.h; sourceTree = "<group>"; };
		6E6D98CD1BE0C34000D45F77 /* HomePageRecDesignersCell.m */ = {isa = PBXFileReference; fileEncoding = 4; lastKnownFileType = sourcecode.c.objc; path = HomePageRecDesignersCell.m; sourceTree = "<group>"; };
		6E6D98CE1BE0C34000D45F77 /* HomePageRecDesignersCell.xib */ = {isa = PBXFileReference; fileEncoding = 4; lastKnownFileType = file.xib; path = HomePageRecDesignersCell.xib; sourceTree = "<group>"; };
		6E6D98D11BE0D62F00D45F77 /* HomePageDesignerCell.h */ = {isa = PBXFileReference; fileEncoding = 4; lastKnownFileType = sourcecode.c.h; path = HomePageDesignerCell.h; sourceTree = "<group>"; };
		6E6D98D21BE0D62F00D45F77 /* HomePageDesignerCell.m */ = {isa = PBXFileReference; fileEncoding = 4; lastKnownFileType = sourcecode.c.objc; path = HomePageDesignerCell.m; sourceTree = "<group>"; };
		6E6D98D31BE0D62F00D45F77 /* HomePageDesignerCell.xib */ = {isa = PBXFileReference; fileEncoding = 4; lastKnownFileType = file.xib; path = HomePageDesignerCell.xib; sourceTree = "<group>"; };
		6E6D98D61BE1BD3500D45F77 /* ProductImage.h */ = {isa = PBXFileReference; fileEncoding = 4; lastKnownFileType = sourcecode.c.h; path = ProductImage.h; sourceTree = "<group>"; };
		6E6D98D71BE1BD3500D45F77 /* ProductImage.m */ = {isa = PBXFileReference; fileEncoding = 4; lastKnownFileType = sourcecode.c.objc; path = ProductImage.m; sourceTree = "<group>"; };
		6E6D98DA1BE203B300D45F77 /* ProductViewController.h */ = {isa = PBXFileReference; fileEncoding = 4; lastKnownFileType = sourcecode.c.h; path = ProductViewController.h; sourceTree = "<group>"; };
		6E6D98DB1BE203B300D45F77 /* ProductViewController.m */ = {isa = PBXFileReference; fileEncoding = 4; lastKnownFileType = sourcecode.c.objc; path = ProductViewController.m; sourceTree = "<group>"; };
		6E6D98DC1BE203B300D45F77 /* ProductViewController.xib */ = {isa = PBXFileReference; fileEncoding = 4; lastKnownFileType = file.xib; path = ProductViewController.xib; sourceTree = "<group>"; };
		6E6D98DF1BE205DE00D45F77 /* NameDict.h */ = {isa = PBXFileReference; fileEncoding = 4; lastKnownFileType = sourcecode.c.h; path = NameDict.h; sourceTree = "<group>"; };
		6E6D98E01BE205DE00D45F77 /* NameDict.m */ = {isa = PBXFileReference; fileEncoding = 4; lastKnownFileType = sourcecode.c.objc; path = NameDict.m; sourceTree = "<group>"; };
		6E6D98E31BE343E400D45F77 /* DesignerViewController.h */ = {isa = PBXFileReference; fileEncoding = 4; lastKnownFileType = sourcecode.c.h; path = DesignerViewController.h; sourceTree = "<group>"; };
		6E6D98E41BE343E400D45F77 /* DesignerViewController.m */ = {isa = PBXFileReference; fileEncoding = 4; lastKnownFileType = sourcecode.c.objc; path = DesignerViewController.m; sourceTree = "<group>"; };
		6E6D98E51BE343E400D45F77 /* DesignerViewController.xib */ = {isa = PBXFileReference; fileEncoding = 4; lastKnownFileType = file.xib; path = DesignerViewController.xib; sourceTree = "<group>"; };
		6E6D98E81BE345BC00D45F77 /* ProductInfoCell.h */ = {isa = PBXFileReference; fileEncoding = 4; lastKnownFileType = sourcecode.c.h; path = ProductInfoCell.h; sourceTree = "<group>"; };
		6E6D98E91BE345BC00D45F77 /* ProductInfoCell.m */ = {isa = PBXFileReference; fileEncoding = 4; lastKnownFileType = sourcecode.c.objc; path = ProductInfoCell.m; sourceTree = "<group>"; };
		6E6D98EA1BE345BC00D45F77 /* ProductInfoCell.xib */ = {isa = PBXFileReference; fileEncoding = 4; lastKnownFileType = file.xib; path = ProductInfoCell.xib; sourceTree = "<group>"; };
		6E6D98ED1BE34E2700D45F77 /* ProductImageCell.h */ = {isa = PBXFileReference; fileEncoding = 4; lastKnownFileType = sourcecode.c.h; path = ProductImageCell.h; sourceTree = "<group>"; };
		6E6D98EE1BE34E2700D45F77 /* ProductImageCell.m */ = {isa = PBXFileReference; fileEncoding = 4; lastKnownFileType = sourcecode.c.objc; path = ProductImageCell.m; sourceTree = "<group>"; };
		6E6D98EF1BE34E2700D45F77 /* ProductImageCell.xib */ = {isa = PBXFileReference; fileEncoding = 4; lastKnownFileType = file.xib; path = ProductImageCell.xib; sourceTree = "<group>"; };
		6E6D98F21BE35DD000D45F77 /* ProductHomePage.h */ = {isa = PBXFileReference; fileEncoding = 4; lastKnownFileType = sourcecode.c.h; path = ProductHomePage.h; sourceTree = "<group>"; };
		6E6D98F31BE35DD000D45F77 /* ProductHomePage.m */ = {isa = PBXFileReference; fileEncoding = 4; lastKnownFileType = sourcecode.c.objc; path = ProductHomePage.m; sourceTree = "<group>"; };
		6E7867041BA9164700DE8B1B /* ProcessViewController.h */ = {isa = PBXFileReference; fileEncoding = 4; lastKnownFileType = sourcecode.c.h; path = ProcessViewController.h; sourceTree = "<group>"; };
		6E7867051BA9164700DE8B1B /* ProcessViewController.m */ = {isa = PBXFileReference; fileEncoding = 4; lastKnownFileType = sourcecode.c.objc; path = ProcessViewController.m; sourceTree = "<group>"; };
		6E7867061BA9164700DE8B1B /* ProcessViewController.xib */ = {isa = PBXFileReference; fileEncoding = 4; lastKnownFileType = file.xib; path = ProcessViewController.xib; sourceTree = "<group>"; };
		6E7867091BA920D900DE8B1B /* BannerCell.h */ = {isa = PBXFileReference; fileEncoding = 4; lastKnownFileType = sourcecode.c.h; name = BannerCell.h; path = ../Process/BannerCell.h; sourceTree = "<group>"; };
		6E78670A1BA920D900DE8B1B /* BannerCell.m */ = {isa = PBXFileReference; fileEncoding = 4; lastKnownFileType = sourcecode.c.objc; name = BannerCell.m; path = ../Process/BannerCell.m; sourceTree = "<group>"; };
		6E78670B1BA920D900DE8B1B /* BannerCell.xib */ = {isa = PBXFileReference; fileEncoding = 4; lastKnownFileType = file.xib; name = BannerCell.xib; path = ../Process/BannerCell.xib; sourceTree = "<group>"; };
		6E78670E1BA942C700DE8B1B /* SectionCell.h */ = {isa = PBXFileReference; fileEncoding = 4; lastKnownFileType = sourcecode.c.h; path = SectionCell.h; sourceTree = "<group>"; };
		6E78670F1BA942C700DE8B1B /* SectionCell.m */ = {isa = PBXFileReference; fileEncoding = 4; lastKnownFileType = sourcecode.c.objc; path = SectionCell.m; sourceTree = "<group>"; };
		6E7867101BA942C700DE8B1B /* SectionCell.xib */ = {isa = PBXFileReference; fileEncoding = 4; lastKnownFileType = file.xib; path = SectionCell.xib; sourceTree = "<group>"; };
		6E7867131BA944AF00DE8B1B /* ItemCell.h */ = {isa = PBXFileReference; fileEncoding = 4; lastKnownFileType = sourcecode.c.h; path = ItemCell.h; sourceTree = "<group>"; };
		6E7867141BA944AF00DE8B1B /* ItemCell.m */ = {isa = PBXFileReference; fileEncoding = 4; lastKnownFileType = sourcecode.c.objc; path = ItemCell.m; sourceTree = "<group>"; };
		6E7867151BA944AF00DE8B1B /* ItemCell.xib */ = {isa = PBXFileReference; fileEncoding = 4; lastKnownFileType = file.xib; path = ItemCell.xib; sourceTree = "<group>"; };
		6E7867241BAA534400DE8B1B /* SectionView.h */ = {isa = PBXFileReference; fileEncoding = 4; lastKnownFileType = sourcecode.c.h; path = SectionView.h; sourceTree = "<group>"; };
		6E7867251BAA534400DE8B1B /* SectionView.m */ = {isa = PBXFileReference; fileEncoding = 4; lastKnownFileType = sourcecode.c.objc; path = SectionView.m; sourceTree = "<group>"; };
		6E7867271BAA538E00DE8B1B /* SectionView.xib */ = {isa = PBXFileReference; fileEncoding = 4; lastKnownFileType = file.xib; path = SectionView.xib; sourceTree = "<group>"; };
		6E7E4A5A1B95A69000503B35 /* PrefixHeader.pch */ = {isa = PBXFileReference; fileEncoding = 4; lastKnownFileType = sourcecode.c.h; path = PrefixHeader.pch; sourceTree = "<group>"; };
		6E7E4A631B9A902500503B35 /* BaseViewController.h */ = {isa = PBXFileReference; fileEncoding = 4; lastKnownFileType = sourcecode.c.h; path = BaseViewController.h; sourceTree = "<group>"; };
		6E7E4A641B9A902500503B35 /* BaseViewController.m */ = {isa = PBXFileReference; fileEncoding = 4; lastKnownFileType = sourcecode.c.objc; path = BaseViewController.m; sourceTree = "<group>"; };
		6E7E4A661B9A90BA00503B35 /* LoginViewController.h */ = {isa = PBXFileReference; fileEncoding = 4; lastKnownFileType = sourcecode.c.h; path = LoginViewController.h; sourceTree = "<group>"; };
		6E7E4A671B9A90BA00503B35 /* LoginViewController.m */ = {isa = PBXFileReference; fileEncoding = 4; lastKnownFileType = sourcecode.c.objc; path = LoginViewController.m; sourceTree = "<group>"; };
		6E7E4A681B9A90BA00503B35 /* LoginViewController.xib */ = {isa = PBXFileReference; fileEncoding = 4; lastKnownFileType = file.xib; path = LoginViewController.xib; sourceTree = "<group>"; };
		6E7E4A7B1B9D325400503B35 /* ViewControllerContainer.h */ = {isa = PBXFileReference; fileEncoding = 4; lastKnownFileType = sourcecode.c.h; path = ViewControllerContainer.h; sourceTree = "<group>"; };
		6E7E4A7C1B9D325400503B35 /* ViewControllerContainer.m */ = {isa = PBXFileReference; fileEncoding = 4; lastKnownFileType = sourcecode.c.objc; path = ViewControllerContainer.m; sourceTree = "<group>"; };
		6E7E4A811B9E761700503B35 /* App.h */ = {isa = PBXFileReference; lastKnownFileType = sourcecode.c.h; path = App.h; sourceTree = "<group>"; };
		6E7E4A861B9EC2D700503B35 /* WelcomeViewController.h */ = {isa = PBXFileReference; fileEncoding = 4; lastKnownFileType = sourcecode.c.h; path = WelcomeViewController.h; sourceTree = "<group>"; };
		6E7E4A871B9EC2D700503B35 /* WelcomeViewController.m */ = {isa = PBXFileReference; fileEncoding = 4; lastKnownFileType = sourcecode.c.objc; path = WelcomeViewController.m; sourceTree = "<group>"; };
		6E7E4A881B9EC2D700503B35 /* WelcomeViewController.xib */ = {isa = PBXFileReference; fileEncoding = 4; lastKnownFileType = file.xib; path = WelcomeViewController.xib; sourceTree = "<group>"; };
		6E838D971BE6EF49000BF5CD /* ImageDetailViewController.h */ = {isa = PBXFileReference; fileEncoding = 4; lastKnownFileType = sourcecode.c.h; path = ImageDetailViewController.h; sourceTree = "<group>"; };
		6E838D981BE6EF49000BF5CD /* ImageDetailViewController.m */ = {isa = PBXFileReference; fileEncoding = 4; lastKnownFileType = sourcecode.c.objc; path = ImageDetailViewController.m; sourceTree = "<group>"; };
		6E838D991BE6EF49000BF5CD /* ImageDetailViewController.xib */ = {isa = PBXFileReference; fileEncoding = 4; lastKnownFileType = file.xib; path = ImageDetailViewController.xib; sourceTree = "<group>"; };
		6E838D9C1BE6FB3A000BF5CD /* NSArray+Ex.h */ = {isa = PBXFileReference; fileEncoding = 4; lastKnownFileType = sourcecode.c.h; path = "NSArray+Ex.h"; sourceTree = "<group>"; };
		6E838D9D1BE6FB3A000BF5CD /* NSArray+Ex.m */ = {isa = PBXFileReference; fileEncoding = 4; lastKnownFileType = sourcecode.c.objc; path = "NSArray+Ex.m"; sourceTree = "<group>"; };
		6E838D9F1BEB37BD000BF5CD /* DesignerInfoCell.h */ = {isa = PBXFileReference; fileEncoding = 4; lastKnownFileType = sourcecode.c.h; path = DesignerInfoCell.h; sourceTree = "<group>"; };
		6E838DA01BEB37BD000BF5CD /* DesignerInfoCell.m */ = {isa = PBXFileReference; fileEncoding = 4; lastKnownFileType = sourcecode.c.objc; path = DesignerInfoCell.m; sourceTree = "<group>"; };
		6E838DA11BEB37BD000BF5CD /* DesignerInfoCell.xib */ = {isa = PBXFileReference; fileEncoding = 4; lastKnownFileType = file.xib; path = DesignerInfoCell.xib; sourceTree = "<group>"; };
		6E838DA41BEB4273000BF5CD /* DesignerSectionCell.h */ = {isa = PBXFileReference; fileEncoding = 4; lastKnownFileType = sourcecode.c.h; path = DesignerSectionCell.h; sourceTree = "<group>"; };
		6E838DA51BEB4273000BF5CD /* DesignerSectionCell.m */ = {isa = PBXFileReference; fileEncoding = 4; lastKnownFileType = sourcecode.c.objc; path = DesignerSectionCell.m; sourceTree = "<group>"; };
		6E838DA61BEB4273000BF5CD /* DesignerSectionCell.xib */ = {isa = PBXFileReference; fileEncoding = 4; lastKnownFileType = file.xib; path = DesignerSectionCell.xib; sourceTree = "<group>"; };
		6E838DA91BEB44B1000BF5CD /* DesignerDetailCell.h */ = {isa = PBXFileReference; fileEncoding = 4; lastKnownFileType = sourcecode.c.h; path = DesignerDetailCell.h; sourceTree = "<group>"; };
		6E838DAA1BEB44B1000BF5CD /* DesignerDetailCell.m */ = {isa = PBXFileReference; fileEncoding = 4; lastKnownFileType = sourcecode.c.objc; path = DesignerDetailCell.m; sourceTree = "<group>"; };
		6E838DAB1BEB44B1000BF5CD /* DesignerDetailCell.xib */ = {isa = PBXFileReference; fileEncoding = 4; lastKnownFileType = file.xib; path = DesignerDetailCell.xib; sourceTree = "<group>"; };
		6E838DAE1BEB4FE1000BF5CD /* DesignerProductCell.h */ = {isa = PBXFileReference; fileEncoding = 4; lastKnownFileType = sourcecode.c.h; path = DesignerProductCell.h; sourceTree = "<group>"; };
		6E838DAF1BEB4FE1000BF5CD /* DesignerProductCell.m */ = {isa = PBXFileReference; fileEncoding = 4; lastKnownFileType = sourcecode.c.objc; path = DesignerProductCell.m; sourceTree = "<group>"; };
		6E838DB01BEB4FE1000BF5CD /* DesignerProductCell.xib */ = {isa = PBXFileReference; fileEncoding = 4; lastKnownFileType = file.xib; path = DesignerProductCell.xib; sourceTree = "<group>"; };
		6E838DB31BEB5603000BF5CD /* DesignerHomePage.h */ = {isa = PBXFileReference; fileEncoding = 4; lastKnownFileType = sourcecode.c.h; path = DesignerHomePage.h; sourceTree = "<group>"; };
		6E838DB41BEB5603000BF5CD /* DesignerHomePage.m */ = {isa = PBXFileReference; fileEncoding = 4; lastKnownFileType = sourcecode.c.objc; path = DesignerHomePage.m; sourceTree = "<group>"; };
		6E838DB61BECA39B000BF5CD /* QueryProduct.h */ = {isa = PBXFileReference; fileEncoding = 4; lastKnownFileType = sourcecode.c.h; path = QueryProduct.h; sourceTree = "<group>"; };
		6E838DB71BECA39B000BF5CD /* QueryProduct.m */ = {isa = PBXFileReference; fileEncoding = 4; lastKnownFileType = sourcecode.c.objc; path = QueryProduct.m; sourceTree = "<group>"; };
		6EC3A9961B8AF1D600A62153 /* Pods.h */ = {isa = PBXFileReference; lastKnownFileType = sourcecode.c.h; path = Pods.h; sourceTree = "<group>"; };
		87C4B416CB420D56EFD3432A /* Pods.release.xcconfig */ = {isa = PBXFileReference; includeInIndex = 1; lastKnownFileType = text.xcconfig; name = Pods.release.xcconfig; path = "Pods/Target Support Files/Pods/Pods.release.xcconfig"; sourceTree = "<group>"; };
		AD89AE4E1BF4960000B24959 /* NSDate+Ex.h */ = {isa = PBXFileReference; fileEncoding = 4; lastKnownFileType = sourcecode.c.h; path = "NSDate+Ex.h"; sourceTree = "<group>"; };
		AD89AE4F1BF4960000B24959 /* NSDate+Ex.m */ = {isa = PBXFileReference; fileEncoding = 4; lastKnownFileType = sourcecode.c.objc; path = "NSDate+Ex.m"; sourceTree = "<group>"; };
		BFE23DDA1E815FFFBCFFB23F /* Pods.debug.xcconfig */ = {isa = PBXFileReference; includeInIndex = 1; lastKnownFileType = text.xcconfig; name = Pods.debug.xcconfig; path = "Pods/Target Support Files/Pods/Pods.debug.xcconfig"; sourceTree = "<group>"; };
/* End PBXFileReference section */

/* Begin PBXFrameworksBuildPhase section */
		6E20B21F1B87223600E3A8DA /* Frameworks */ = {
			isa = PBXFrameworksBuildPhase;
			buildActionMask = 2147483647;
			files = (
				E344BCC23CA6FEF24334CD1D /* libPods.a in Frameworks */,
			);
			runOnlyForDeploymentPostprocessing = 0;
		};
		6E20B2381B87223600E3A8DA /* Frameworks */ = {
			isa = PBXFrameworksBuildPhase;
			buildActionMask = 2147483647;
			files = (
			);
			runOnlyForDeploymentPostprocessing = 0;
		};
/* End PBXFrameworksBuildPhase section */

/* Begin PBXGroup section */
		68E505621BF0BA3000B0B910 /* SelectCity */ = {
			isa = PBXGroup;
			children = (
				68E505631BF0BB0100B0B910 /* SelectCityViewController.h */,
				68E505641BF0BB0100B0B910 /* SelectCityViewController.m */,
				68E505651BF0BB0100B0B910 /* SelectCityViewController.xib */,
			);
			path = SelectCity;
			sourceTree = "<group>";
		};
		6E07DA441BD88DBE001461DD /* common */ = {
			isa = PBXGroup;
			children = (
				6E07DA451BD88DBE001461DD /* API */,
				6E07DA561BD88DBE001461DD /* Business */,
				6E07DA751BD88DBE001461DD /* Extend */,
				6E07DA851BD88DBE001461DD /* Manager */,
				6E07DA8B1BD88DBE001461DD /* Model */,
				6E07DA9D1BD88DBE001461DD /* Util */,
			);
			name = common;
			path = ../../common;
			sourceTree = "<group>";
		};
		6E07DA451BD88DBE001461DD /* API */ = {
			isa = PBXGroup;
			children = (
				6E07DA461BD88DBE001461DD /* API.h */,
				6E07DA471BD88DBE001461DD /* API.m */,
				6E07DA481BD88DBE001461DD /* Request */,
			);
			path = API;
			sourceTree = "<group>";
		};
		6E07DA481BD88DBE001461DD /* Request */ = {
			isa = PBXGroup;
			children = (
				6E07DA491BD88DBE001461DD /* BaseRequest.h */,
				6E07DA4A1BD88DBE001461DD /* BaseRequest.m */,
				6E07DA4B1BD88DBE001461DD /* GetProcess.h */,
				6E07DA4C1BD88DBE001461DD /* GetProcess.m */,
				6E07DA4D1BD88DBE001461DD /* GetUserRequirement.h */,
				6E07DA4E1BD88DBE001461DD /* GetUserRequirement.m */,
				6E07DA4F1BD88DBE001461DD /* UserLogin.h */,
				6E07DA501BD88DBE001461DD /* UserLogin.m */,
				6E07DA511BD88DBE001461DD /* ProcessList.h */,
				6E07DA521BD88DBE001461DD /* ProcessList.m */,
				6E07DA531BD88DBE001461DD /* Request.h */,
				6E07DA541BD88DBE001461DD /* SendVerifyCode.h */,
				6E07DA551BD88DBE001461DD /* SendVerifyCode.m */,
				6E6D98B81BE05F9600D45F77 /* HomePageDesigners.h */,
				6E6D98B91BE05F9600D45F77 /* HomePageDesigners.m */,
				6E6D98F21BE35DD000D45F77 /* ProductHomePage.h */,
				6E6D98F31BE35DD000D45F77 /* ProductHomePage.m */,
				6E838DB31BEB5603000BF5CD /* DesignerHomePage.h */,
				6E838DB41BEB5603000BF5CD /* DesignerHomePage.m */,
				6E838DB61BECA39B000BF5CD /* QueryProduct.h */,
				6E838DB71BECA39B000BF5CD /* QueryProduct.m */,
			);
			path = Request;
			sourceTree = "<group>";
		};
		6E07DA561BD88DBE001461DD /* Business */ = {
			isa = PBXGroup;
			children = (
				6E07DA571BD88DBE001461DD /* AccountBusiness.h */,
				6E07DA581BD88DBE001461DD /* AccountBusiness.m */,
				6E07DA591BD88DBE001461DD /* Business.h */,
				6E07DA5A1BD88DBE001461DD /* ProcessBusiness.h */,
				6E07DA5B1BD88DBE001461DD /* ProcessBusiness.m */,
				6E07DAD61BD8C6AF001461DD /* Bc.h */,
				6E07DAD71BD8C6AF001461DD /* Bc.m */,
				6E6D98DF1BE205DE00D45F77 /* NameDict.h */,
				6E6D98E01BE205DE00D45F77 /* NameDict.m */,
			);
			path = Business;
			sourceTree = "<group>";
		};
		6E07DA751BD88DBE001461DD /* Extend */ = {
			isa = PBXGroup;
			children = (
				6E07DA761BD88DBE001461DD /* Ex.h */,
				6E07DA771BD88DBE001461DD /* NSManagedObject+Ex.h */,
				6E07DA781BD88DBE001461DD /* NSManagedObject+Ex.m */,
				6E07DA791BD88DBE001461DD /* NSManagedObjectContext+Ex.h */,
				6E07DA7A1BD88DBE001461DD /* NSManagedObjectContext+Ex.m */,
				6E07DA7B1BD88DBE001461DD /* NSObject+Ex.h */,
				6E07DA7C1BD88DBE001461DD /* NSObject+Ex.m */,
				6E07DA7D1BD88DBE001461DD /* NSString+Ex.h */,
				6E07DA7E1BD88DBE001461DD /* NSString+Ex.m */,
				6E07DA7F1BD88DBE001461DD /* UIButton+Ex.h */,
				6E07DA801BD88DBE001461DD /* UIButton+Ex.m */,
				6E07DA811BD88DBE001461DD /* UIImageView+Ex.h */,
				6E07DA821BD88DBE001461DD /* UIImageView+Ex.m */,
				6E07DA831BD88DBE001461DD /* UIView+Ex.h */,
				6E07DA841BD88DBE001461DD /* UIView+Ex.m */,
				685B51041BE76D45001C8B34 /* UIColor+Ex.h */,
				685B51051BE76D45001C8B34 /* UIColor+Ex.m */,
				6E838D9C1BE6FB3A000BF5CD /* NSArray+Ex.h */,
				6E838D9D1BE6FB3A000BF5CD /* NSArray+Ex.m */,
				AD89AE4E1BF4960000B24959 /* NSDate+Ex.h */,
				AD89AE4F1BF4960000B24959 /* NSDate+Ex.m */,
			);
			path = Extend;
			sourceTree = "<group>";
		};
		6E07DA851BD88DBE001461DD /* Manager */ = {
			isa = PBXGroup;
			children = (
				6E07DA861BD88DBE001461DD /* DataManager.h */,
				6E07DA871BD88DBE001461DD /* DataManager.m */,
				6E07DA881BD88DBE001461DD /* GVUserDefaults+Manager.h */,
				6E07DA891BD88DBE001461DD /* GVUserDefaults+Manager.m */,
				6E07DA8A1BD88DBE001461DD /* Manager.h */,
			);
			path = Manager;
			sourceTree = "<group>";
		};
		6E07DA8B1BD88DBE001461DD /* Model */ = {
			isa = PBXGroup;
			children = (
				6E07DA8C1BD88DBE001461DD /* BaseModel.h */,
				6E07DA8D1BD88DBE001461DD /* BaseModel.m */,
				6E07DA8E1BD88DBE001461DD /* Comment.h */,
				6E07DA8F1BD88DBE001461DD /* Comment.m */,
				6E07DA901BD88DBE001461DD /* Designer.h */,
				6E07DA911BD88DBE001461DD /* Designer.m */,
				6E07DA921BD88DBE001461DD /* Item.h */,
				6E07DA931BD88DBE001461DD /* Item.m */,
				6E07DA941BD88DBE001461DD /* Model.h */,
				6E07DA951BD88DBE001461DD /* Process.h */,
				6E07DA961BD88DBE001461DD /* Process.m */,
				6E07DA971BD88DBE001461DD /* Section.h */,
				6E07DA981BD88DBE001461DD /* Section.m */,
				6E07DA991BD88DBE001461DD /* User.h */,
				6E07DA9A1BD88DBE001461DD /* User.m */,
				6E07DA9B1BD88DBE001461DD /* Ys.h */,
				6E07DA9C1BD88DBE001461DD /* Ys.m */,
				6E6D98BE1BE0637700D45F77 /* Product.h */,
				6E6D98BF1BE0637700D45F77 /* Product.m */,
				6E6D98C11BE0665700D45F77 /* Requirement.h */,
				6E6D98C21BE0665700D45F77 /* Requirement.m */,
				6E6D98D61BE1BD3500D45F77 /* ProductImage.h */,
				6E6D98D71BE1BD3500D45F77 /* ProductImage.m */,
			);
			path = Model;
			sourceTree = "<group>";
		};
		6E07DA9D1BD88DBE001461DD /* Util */ = {
			isa = PBXGroup;
			children = (
				6E07DA9E1BD88DBE001461DD /* BaseDynamicObject.h */,
				6E07DA9F1BD88DBE001461DD /* BaseDynamicObject.m */,
				6E07DAA01BD88DBE001461DD /* HUDUtil.h */,
				6E07DAA11BD88DBE001461DD /* HUDUtil.m */,
				6E07DAA21BD88DBE001461DD /* LogFormatter.h */,
				6E07DAA31BD88DBE001461DD /* LogFormatter.m */,
				6E07DAA41BD88DBE001461DD /* Util.h */,
				6E07DAD21BD8BA8B001461DD /* Macro.h */,
			);
			path = Util;
			sourceTree = "<group>";
		};
		6E20B2191B87223600E3A8DA = {
			isa = PBXGroup;
			children = (
				6E20B2241B87223600E3A8DA /* jianfanjia */,
				6E20B23E1B87223600E3A8DA /* jianfanjiaTests */,
				6E20B2231B87223600E3A8DA /* Products */,
				99225EC5DB938EF3A2E54410 /* Pods */,
				94C7F59597BA43E8F719C985 /* Frameworks */,
			);
			sourceTree = "<group>";
		};
		6E20B2231B87223600E3A8DA /* Products */ = {
			isa = PBXGroup;
			children = (
				6E20B2221B87223600E3A8DA /* jianfanjia.app */,
				6E20B23B1B87223600E3A8DA /* jianfanjiaTests.xctest */,
			);
			name = Products;
			sourceTree = "<group>";
		};
		6E20B2241B87223600E3A8DA /* jianfanjia */ = {
			isa = PBXGroup;
			children = (
				6E07DA441BD88DBE001461DD /* common */,
				6EC3A98B1B8ACFD300A62153 /* Screen */,
				6E20B2291B87223600E3A8DA /* AppDelegate.h */,
				6E20B22A1B87223600E3A8DA /* AppDelegate.m */,
				6E07DAD31BD8BACD001461DD /* Constant.h */,
				6E07DAD41BD8BACD001461DD /* Constant.m */,
				6EC3A9961B8AF1D600A62153 /* Pods.h */,
				6E7E4A811B9E761700503B35 /* App.h */,
				6E7E4A5A1B95A69000503B35 /* PrefixHeader.pch */,
				6E20B2321B87223600E3A8DA /* Images.xcassets */,
				6E20B2341B87223600E3A8DA /* LaunchScreen.xib */,
				6E20B2251B87223600E3A8DA /* Supporting Files */,
			);
			path = jianfanjia;
			sourceTree = "<group>";
		};
		6E20B2251B87223600E3A8DA /* Supporting Files */ = {
			isa = PBXGroup;
			children = (
				6E20B2261B87223600E3A8DA /* Info.plist */,
				6E20B2271B87223600E3A8DA /* main.m */,
			);
			name = "Supporting Files";
			sourceTree = "<group>";
		};
		6E20B23E1B87223600E3A8DA /* jianfanjiaTests */ = {
			isa = PBXGroup;
			children = (
				6E20B2411B87223600E3A8DA /* jianfanjiaTests.m */,
				6E20B23F1B87223600E3A8DA /* Supporting Files */,
			);
			path = jianfanjiaTests;
			sourceTree = "<group>";
		};
		6E20B23F1B87223600E3A8DA /* Supporting Files */ = {
			isa = PBXGroup;
			children = (
				6E20B2401B87223600E3A8DA /* Info.plist */,
			);
			name = "Supporting Files";
			sourceTree = "<group>";
		};
		6E6D98A61BDF732A00D45F77 /* HomePage */ = {
			isa = PBXGroup;
			children = (
				6E6D98A71BDF733F00D45F77 /* HomePageViewController.h */,
				6E6D98A81BDF733F00D45F77 /* HomePageViewController.m */,
				6E6D98A91BDF733F00D45F77 /* HomePageViewController.xib */,
				6E7867091BA920D900DE8B1B /* BannerCell.h */,
				6E78670A1BA920D900DE8B1B /* BannerCell.m */,
				6E78670B1BA920D900DE8B1B /* BannerCell.xib */,
				6E6D98C71BE0AB7C00D45F77 /* HomePageRequirementCell.h */,
				6E6D98C81BE0AB7C00D45F77 /* HomePageRequirementCell.m */,
				6E6D98C91BE0AB7C00D45F77 /* HomePageRequirementCell.xib */,
				6E6D98CC1BE0C34000D45F77 /* HomePageRecDesignersCell.h */,
				6E6D98CD1BE0C34000D45F77 /* HomePageRecDesignersCell.m */,
				6E6D98CE1BE0C34000D45F77 /* HomePageRecDesignersCell.xib */,
				6E6D98D11BE0D62F00D45F77 /* HomePageDesignerCell.h */,
				6E6D98D21BE0D62F00D45F77 /* HomePageDesignerCell.m */,
				6E6D98D31BE0D62F00D45F77 /* HomePageDesignerCell.xib */,
			);
			path = HomePage;
			sourceTree = "<group>";
		};
		6E6D98AC1BDF735C00D45F77 /* RequirementList */ = {
			isa = PBXGroup;
			children = (
				6E6D98AD1BDF736A00D45F77 /* RequirementListViewController.h */,
				6E6D98AE1BDF736A00D45F77 /* RequirementListViewController.m */,
				6E6D98AF1BDF736A00D45F77 /* RequirementListViewController.xib */,
				6846C3911BE8C421009692D8 /* RequirementCreateViewController.h */,
				6846C3921BE8C421009692D8 /* RequirementCreateViewController.m */,
				6846C3931BE8C421009692D8 /* RequirementCreateViewController.xib */,
			);
			path = RequirementList;
			sourceTree = "<group>";
		};
		6E6D98B21BDF73D300D45F77 /* Me */ = {
			isa = PBXGroup;
			children = (
				6E6D98B31BDF73DE00D45F77 /* MeViewController.h */,
				6E6D98B41BDF73DE00D45F77 /* MeViewController.m */,
				6E6D98B51BDF73DE00D45F77 /* MeViewController.xib */,
			);
			path = Me;
			sourceTree = "<group>";
		};
		6E6D98D91BE2039800D45F77 /* Product */ = {
			isa = PBXGroup;
			children = (
				6E6D98DA1BE203B300D45F77 /* ProductViewController.h */,
				6E6D98DB1BE203B300D45F77 /* ProductViewController.m */,
				6E6D98DC1BE203B300D45F77 /* ProductViewController.xib */,
				6E6D98E81BE345BC00D45F77 /* ProductInfoCell.h */,
				6E6D98E91BE345BC00D45F77 /* ProductInfoCell.m */,
				6E6D98EA1BE345BC00D45F77 /* ProductInfoCell.xib */,
				6E6D98ED1BE34E2700D45F77 /* ProductImageCell.h */,
				6E6D98EE1BE34E2700D45F77 /* ProductImageCell.m */,
				6E6D98EF1BE34E2700D45F77 /* ProductImageCell.xib */,
			);
			path = Product;
			sourceTree = "<group>";
		};
		6E6D98E21BE343B600D45F77 /* Designer */ = {
			isa = PBXGroup;
			children = (
				6E6D98E31BE343E400D45F77 /* DesignerViewController.h */,
				6E6D98E41BE343E400D45F77 /* DesignerViewController.m */,
				6E6D98E51BE343E400D45F77 /* DesignerViewController.xib */,
				6E838D9F1BEB37BD000BF5CD /* DesignerInfoCell.h */,
				6E838DA01BEB37BD000BF5CD /* DesignerInfoCell.m */,
				6E838DA11BEB37BD000BF5CD /* DesignerInfoCell.xib */,
				6E838DA41BEB4273000BF5CD /* DesignerSectionCell.h */,
				6E838DA51BEB4273000BF5CD /* DesignerSectionCell.m */,
				6E838DA61BEB4273000BF5CD /* DesignerSectionCell.xib */,
				6E838DA91BEB44B1000BF5CD /* DesignerDetailCell.h */,
				6E838DAA1BEB44B1000BF5CD /* DesignerDetailCell.m */,
				6E838DAB1BEB44B1000BF5CD /* DesignerDetailCell.xib */,
				6E838DAE1BEB4FE1000BF5CD /* DesignerProductCell.h */,
				6E838DAF1BEB4FE1000BF5CD /* DesignerProductCell.m */,
				6E838DB01BEB4FE1000BF5CD /* DesignerProductCell.xib */,
			);
			path = Designer;
			sourceTree = "<group>";
		};
		6E7867001BA9143A00DE8B1B /* Process */ = {
			isa = PBXGroup;
			children = (
				6E7867041BA9164700DE8B1B /* ProcessViewController.h */,
				6E7867051BA9164700DE8B1B /* ProcessViewController.m */,
				6E7867061BA9164700DE8B1B /* ProcessViewController.xib */,
				6E78670E1BA942C700DE8B1B /* SectionCell.h */,
				6E78670F1BA942C700DE8B1B /* SectionCell.m */,
				6E7867101BA942C700DE8B1B /* SectionCell.xib */,
				6E7867241BAA534400DE8B1B /* SectionView.h */,
				6E7867251BAA534400DE8B1B /* SectionView.m */,
				6E7867271BAA538E00DE8B1B /* SectionView.xib */,
				6E7867131BA944AF00DE8B1B /* ItemCell.h */,
				6E7867141BA944AF00DE8B1B /* ItemCell.m */,
				6E7867151BA944AF00DE8B1B /* ItemCell.xib */,
				6E2DCAAA1BB5207400591A16 /* LeftViewController.h */,
				6E2DCAAB1BB5207400591A16 /* LeftViewController.m */,
				6E2DCAAC1BB5207400591A16 /* LeftViewController.xib */,
			);
			path = Process;
			sourceTree = "<group>";
		};
		6E7E4A611B9A8F6E00503B35 /* Login */ = {
			isa = PBXGroup;
			children = (
				6E7E4A661B9A90BA00503B35 /* LoginViewController.h */,
				6E7E4A671B9A90BA00503B35 /* LoginViewController.m */,
				6E7E4A681B9A90BA00503B35 /* LoginViewController.xib */,
			);
			path = Login;
			sourceTree = "<group>";
		};
		6E7E4A621B9A8FA700503B35 /* Base */ = {
			isa = PBXGroup;
			children = (
				6E7E4A631B9A902500503B35 /* BaseViewController.h */,
				6E7E4A641B9A902500503B35 /* BaseViewController.m */,
				6E7E4A7B1B9D325400503B35 /* ViewControllerContainer.h */,
				6E7E4A7C1B9D325400503B35 /* ViewControllerContainer.m */,
				6E6D989F1BDF5EBE00D45F77 /* TabViewController.h */,
				6E6D98A01BDF5EBE00D45F77 /* TabViewController.m */,
			);
			path = Base;
			sourceTree = "<group>";
		};
		6E7E4A821B9EBF6500503B35 /* Welcome */ = {
			isa = PBXGroup;
			children = (
				6E7E4A861B9EC2D700503B35 /* WelcomeViewController.h */,
				6E7E4A871B9EC2D700503B35 /* WelcomeViewController.m */,
				6E7E4A881B9EC2D700503B35 /* WelcomeViewController.xib */,
				6E6D988B1BDDC9C800D45F77 /* W1View.h */,
				6E6D988C1BDDC9C800D45F77 /* W1View.m */,
				6E6D988E1BDDC9DC00D45F77 /* W1View.xib */,
				6E6D98921BDDFDAB00D45F77 /* W2View.h */,
				6E6D98931BDDFDAB00D45F77 /* W2View.m */,
				6E6D98901BDDFD9700D45F77 /* W2View.xib */,
				6E6D98991BDDFE7200D45F77 /* W3View.h */,
				6E6D98971BDDFE6A00D45F77 /* W3View.m */,
				6E6D98951BDDFE5500D45F77 /* W3View.xib */,
				6E6D989C1BDDFF1B00D45F77 /* W4View.h */,
				6E6D989D1BDDFF1B00D45F77 /* W4View.m */,
				6E6D989A1BDDFEC900D45F77 /* W4View.xib */,
			);
			path = Welcome;
			sourceTree = "<group>";
		};
		6E838D961BE6EF3A000BF5CD /* ImageDetail */ = {
			isa = PBXGroup;
			children = (
				6E838D971BE6EF49000BF5CD /* ImageDetailViewController.h */,
				6E838D981BE6EF49000BF5CD /* ImageDetailViewController.m */,
				6E838D991BE6EF49000BF5CD /* ImageDetailViewController.xib */,
			);
			path = ImageDetail;
			sourceTree = "<group>";
		};
		6EC3A98B1B8ACFD300A62153 /* Screen */ = {
			isa = PBXGroup;
			children = (
				68E505621BF0BA3000B0B910 /* SelectCity */,
				6E838D961BE6EF3A000BF5CD /* ImageDetail */,
				6E6D98E21BE343B600D45F77 /* Designer */,
				6E6D98D91BE2039800D45F77 /* Product */,
				6E6D98B21BDF73D300D45F77 /* Me */,
				6E6D98AC1BDF735C00D45F77 /* RequirementList */,
				6E6D98A61BDF732A00D45F77 /* HomePage */,
				6E7867001BA9143A00DE8B1B /* Process */,
				6E7E4A821B9EBF6500503B35 /* Welcome */,
				6E7E4A621B9A8FA700503B35 /* Base */,
				6E7E4A611B9A8F6E00503B35 /* Login */,
			);
			path = Screen;
			sourceTree = "<group>";
		};
		94C7F59597BA43E8F719C985 /* Frameworks */ = {
			isa = PBXGroup;
			children = (
				44D2BD40530E2CA1D84D921D /* libPods.a */,
			);
			name = Frameworks;
			sourceTree = "<group>";
		};
		99225EC5DB938EF3A2E54410 /* Pods */ = {
			isa = PBXGroup;
			children = (
				BFE23DDA1E815FFFBCFFB23F /* Pods.debug.xcconfig */,
				87C4B416CB420D56EFD3432A /* Pods.release.xcconfig */,
			);
			name = Pods;
			sourceTree = "<group>";
		};
/* End PBXGroup section */

/* Begin PBXNativeTarget section */
		6E20B2211B87223600E3A8DA /* jianfanjia */ = {
			isa = PBXNativeTarget;
			buildConfigurationList = 6E20B2451B87223600E3A8DA /* Build configuration list for PBXNativeTarget "jianfanjia" */;
			buildPhases = (
				DBBD693A72C9C34E5D2A2630 /* Check Pods Manifest.lock */,
				6E20B21E1B87223600E3A8DA /* Sources */,
				6E20B21F1B87223600E3A8DA /* Frameworks */,
				6E20B2201B87223600E3A8DA /* Resources */,
				9AFC9C1A571D6943DADE0B4F /* Copy Pods Resources */,
			);
			buildRules = (
			);
			dependencies = (
			);
			name = jianfanjia;
			productName = jianfanjia;
			productReference = 6E20B2221B87223600E3A8DA /* jianfanjia.app */;
			productType = "com.apple.product-type.application";
		};
		6E20B23A1B87223600E3A8DA /* jianfanjiaTests */ = {
			isa = PBXNativeTarget;
			buildConfigurationList = 6E20B2481B87223600E3A8DA /* Build configuration list for PBXNativeTarget "jianfanjiaTests" */;
			buildPhases = (
				6E20B2371B87223600E3A8DA /* Sources */,
				6E20B2381B87223600E3A8DA /* Frameworks */,
				6E20B2391B87223600E3A8DA /* Resources */,
			);
			buildRules = (
			);
			dependencies = (
				6E20B23D1B87223600E3A8DA /* PBXTargetDependency */,
			);
			name = jianfanjiaTests;
			productName = jianfanjiaTests;
			productReference = 6E20B23B1B87223600E3A8DA /* jianfanjiaTests.xctest */;
			productType = "com.apple.product-type.bundle.unit-test";
		};
/* End PBXNativeTarget section */

/* Begin PBXProject section */
		6E20B21A1B87223600E3A8DA /* Project object */ = {
			isa = PBXProject;
			attributes = {
				LastUpgradeCheck = 0700;
				ORGANIZATIONNAME = JYZ;
				TargetAttributes = {
					6E20B2211B87223600E3A8DA = {
						CreatedOnToolsVersion = 6.4;
						DevelopmentTeam = CSFDRG22AA;
					};
					6E20B23A1B87223600E3A8DA = {
						CreatedOnToolsVersion = 6.4;
						TestTargetID = 6E20B2211B87223600E3A8DA;
					};
				};
			};
			buildConfigurationList = 6E20B21D1B87223600E3A8DA /* Build configuration list for PBXProject "jianfanjia" */;
			compatibilityVersion = "Xcode 3.2";
			developmentRegion = English;
			hasScannedForEncodings = 0;
			knownRegions = (
				en,
				Base,
			);
			mainGroup = 6E20B2191B87223600E3A8DA;
			productRefGroup = 6E20B2231B87223600E3A8DA /* Products */;
			projectDirPath = "";
			projectRoot = "";
			targets = (
				6E20B2211B87223600E3A8DA /* jianfanjia */,
				6E20B23A1B87223600E3A8DA /* jianfanjiaTests */,
			);
		};
/* End PBXProject section */

/* Begin PBXResourcesBuildPhase section */
		6E20B2201B87223600E3A8DA /* Resources */ = {
			isa = PBXResourcesBuildPhase;
			buildActionMask = 2147483647;
			files = (
				6846C3951BE8C421009692D8 /* RequirementCreateViewController.xib in Resources */,
				6E20B2361B87223600E3A8DA /* LaunchScreen.xib in Resources */,
				6E838DAD1BEB44B1000BF5CD /* DesignerDetailCell.xib in Resources */,
				6E7867081BA9164700DE8B1B /* ProcessViewController.xib in Resources */,
				6E6D988F1BDDC9DC00D45F77 /* W1View.xib in Resources */,
				6E7E4A8A1B9EC2D700503B35 /* WelcomeViewController.xib in Resources */,
				6E78670D1BA920D900DE8B1B /* BannerCell.xib in Resources */,
				6E7867171BA944AF00DE8B1B /* ItemCell.xib in Resources */,
				6E20B2331B87223600E3A8DA /* Images.xcassets in Resources */,
				6E6D98CB1BE0AB7C00D45F77 /* HomePageRequirementCell.xib in Resources */,
				6E6D98D51BE0D62F00D45F77 /* HomePageDesignerCell.xib in Resources */,
				6E838DA81BEB4273000BF5CD /* DesignerSectionCell.xib in Resources */,
				6E6D98E71BE343E400D45F77 /* DesignerViewController.xib in Resources */,
				6E7E4A6A1B9A90BA00503B35 /* LoginViewController.xib in Resources */,
				6E6D98AB1BDF733F00D45F77 /* HomePageViewController.xib in Resources */,
				6E6D98D01BE0C34000D45F77 /* HomePageRecDesignersCell.xib in Resources */,
				6E6D98EC1BE345BC00D45F77 /* ProductInfoCell.xib in Resources */,
				6E2DCAAE1BB5207400591A16 /* LeftViewController.xib in Resources */,
				6E6D98B11BDF736A00D45F77 /* RequirementListViewController.xib in Resources */,
				6E7867281BAA538E00DE8B1B /* SectionView.xib in Resources */,
				68E505671BF0BB0100B0B910 /* SelectCityViewController.xib in Resources */,
				6E6D98F11BE34E2700D45F77 /* ProductImageCell.xib in Resources */,
				6E6D98961BDDFE5500D45F77 /* W3View.xib in Resources */,
				6E838DB21BEB4FE1000BF5CD /* DesignerProductCell.xib in Resources */,
				6E6D98DE1BE203B300D45F77 /* ProductViewController.xib in Resources */,
				6E838D9B1BE6EF49000BF5CD /* ImageDetailViewController.xib in Resources */,
				6E6D989B1BDDFEC900D45F77 /* W4View.xib in Resources */,
				6E6D98B71BDF73DE00D45F77 /* MeViewController.xib in Resources */,
				6E7867121BA942C700DE8B1B /* SectionCell.xib in Resources */,
				6E6D98911BDDFD9700D45F77 /* W2View.xib in Resources */,
				6E838DA31BEB37BD000BF5CD /* DesignerInfoCell.xib in Resources */,
			);
			runOnlyForDeploymentPostprocessing = 0;
		};
		6E20B2391B87223600E3A8DA /* Resources */ = {
			isa = PBXResourcesBuildPhase;
			buildActionMask = 2147483647;
			files = (
			);
			runOnlyForDeploymentPostprocessing = 0;
		};
/* End PBXResourcesBuildPhase section */

/* Begin PBXShellScriptBuildPhase section */
		9AFC9C1A571D6943DADE0B4F /* Copy Pods Resources */ = {
			isa = PBXShellScriptBuildPhase;
			buildActionMask = 2147483647;
			files = (
			);
			inputPaths = (
			);
			name = "Copy Pods Resources";
			outputPaths = (
			);
			runOnlyForDeploymentPostprocessing = 0;
			shellPath = /bin/sh;
			shellScript = "\"${SRCROOT}/Pods/Target Support Files/Pods/Pods-resources.sh\"\n";
			showEnvVarsInLog = 0;
		};
		DBBD693A72C9C34E5D2A2630 /* Check Pods Manifest.lock */ = {
			isa = PBXShellScriptBuildPhase;
			buildActionMask = 2147483647;
			files = (
			);
			inputPaths = (
			);
			name = "Check Pods Manifest.lock";
			outputPaths = (
			);
			runOnlyForDeploymentPostprocessing = 0;
			shellPath = /bin/sh;
			shellScript = "diff \"${PODS_ROOT}/../Podfile.lock\" \"${PODS_ROOT}/Manifest.lock\" > /dev/null\nif [[ $? != 0 ]] ; then\n    cat << EOM\nerror: The sandbox is not in sync with the Podfile.lock. Run 'pod install' or update your CocoaPods installation.\nEOM\n    exit 1\nfi\n";
			showEnvVarsInLog = 0;
		};
/* End PBXShellScriptBuildPhase section */

/* Begin PBXSourcesBuildPhase section */
		6E20B21E1B87223600E3A8DA /* Sources */ = {
			isa = PBXSourcesBuildPhase;
			buildActionMask = 2147483647;
			files = (
				6E07DAC51BD88DBE001461DD /* Item.m in Sources */,
				6E6D98CF1BE0C34000D45F77 /* HomePageRecDesignersCell.m in Sources */,
				6E7867161BA944AF00DE8B1B /* ItemCell.m in Sources */,
				6E6D98B01BDF736A00D45F77 /* RequirementListViewController.m in Sources */,
				6E07DAAC1BD88DBE001461DD /* AccountBusiness.m in Sources */,
				6E07DACA1BD88DBE001461DD /* BaseDynamicObject.m in Sources */,
				6E838DB51BEB5603000BF5CD /* DesignerHomePage.m in Sources */,
				685B51061BE76D45001C8B34 /* UIColor+Ex.m in Sources */,
				6E07DABC1BD88DBE001461DD /* NSString+Ex.m in Sources */,
				AD89AE501BF4960000B24959 /* NSDate+Ex.m in Sources */,
				6E7867261BAA534400DE8B1B /* SectionView.m in Sources */,
				6E07DAC61BD88DBE001461DD /* Process.m in Sources */,
				6E838DB11BEB4FE1000BF5CD /* DesignerProductCell.m in Sources */,
				6E07DACB1BD88DBE001461DD /* HUDUtil.m in Sources */,
				6E6D98F01BE34E2700D45F77 /* ProductImageCell.m in Sources */,
				6E7E4A651B9A902500503B35 /* BaseViewController.m in Sources */,
				6E7E4A7D1B9D325400503B35 /* ViewControllerContainer.m in Sources */,
				6E6D98D41BE0D62F00D45F77 /* HomePageDesignerCell.m in Sources */,
				6E07DAD81BD8C6AF001461DD /* Bc.m in Sources */,
				6E07DAAD1BD88DBE001461DD /* ProcessBusiness.m in Sources */,
				6E838DAC1BEB44B1000BF5CD /* DesignerDetailCell.m in Sources */,
				6E07DAA61BD88DBE001461DD /* BaseRequest.m in Sources */,
				6E07DABD1BD88DBE001461DD /* UIButton+Ex.m in Sources */,
				6E07DACC1BD88DBE001461DD /* LogFormatter.m in Sources */,
				6E6D98F41BE35DD000D45F77 /* ProductHomePage.m in Sources */,
				6E6D98BA1BE05F9600D45F77 /* HomePageDesigners.m in Sources */,
				6E838D9A1BE6EF49000BF5CD /* ImageDetailViewController.m in Sources */,
				6E6D98D81BE1BD3500D45F77 /* ProductImage.m in Sources */,
				6E07DABE1BD88DBE001461DD /* UIImageView+Ex.m in Sources */,
				6E07DAC11BD88DBE001461DD /* GVUserDefaults+Manager.m in Sources */,
				6E07DABA1BD88DBE001461DD /* NSManagedObjectContext+Ex.m in Sources */,
				6E6D98E61BE343E400D45F77 /* DesignerViewController.m in Sources */,
				6E07DAB91BD88DBE001461DD /* NSManagedObject+Ex.m in Sources */,
				6E07DAD51BD8BACD001461DD /* Constant.m in Sources */,
				6E6D98AA1BDF733F00D45F77 /* HomePageViewController.m in Sources */,
				6E07DABF1BD88DBE001461DD /* UIView+Ex.m in Sources */,
				6E07DAC91BD88DBE001461DD /* Ys.m in Sources */,
				6E07DAAA1BD88DBE001461DD /* ProcessList.m in Sources */,
				6E6D989E1BDDFF1B00D45F77 /* W4View.m in Sources */,
				6E07DAA91BD88DBE001461DD /* UserLogin.m in Sources */,
				6E07DAC71BD88DBE001461DD /* Section.m in Sources */,
				6E07DAC01BD88DBE001461DD /* DataManager.m in Sources */,
				6E07DAC21BD88DBE001461DD /* BaseModel.m in Sources */,
				6E838DB81BECA39B000BF5CD /* QueryProduct.m in Sources */,
				6E6D98EB1BE345BC00D45F77 /* ProductInfoCell.m in Sources */,
				6E20B22B1B87223600E3A8DA /* AppDelegate.m in Sources */,
				6E07DAC41BD88DBE001461DD /* Designer.m in Sources */,
				6E6D98941BDDFDAB00D45F77 /* W2View.m in Sources */,
				6E6D98B61BDF73DE00D45F77 /* MeViewController.m in Sources */,
				6E78670C1BA920D900DE8B1B /* BannerCell.m in Sources */,
				6E07DABB1BD88DBE001461DD /* NSObject+Ex.m in Sources */,
				6E07DAC81BD88DBE001461DD /* User.m in Sources */,
				6E6D98C01BE0637700D45F77 /* Product.m in Sources */,
				6E7E4A691B9A90BA00503B35 /* LoginViewController.m in Sources */,
				6E6D98C31BE0665700D45F77 /* Requirement.m in Sources */,
				6E07DAC31BD88DBE001461DD /* Comment.m in Sources */,
				6E6D98A21BDF5EBE00D45F77 /* TabViewController.m in Sources */,
				6E07DAAB1BD88DBE001461DD /* SendVerifyCode.m in Sources */,
				6E6D98981BDDFE6A00D45F77 /* W3View.m in Sources */,
				6E838DA71BEB4273000BF5CD /* DesignerSectionCell.m in Sources */,
				68E505661BF0BB0100B0B910 /* SelectCityViewController.m in Sources */,
				6E07DAA51BD88DBE001461DD /* API.m in Sources */,
				6E838DA21BEB37BD000BF5CD /* DesignerInfoCell.m in Sources */,
				6E7E4A891B9EC2D700503B35 /* WelcomeViewController.m in Sources */,
				6846C3941BE8C421009692D8 /* RequirementCreateViewController.m in Sources */,
				6E07DAA71BD88DBE001461DD /* GetProcess.m in Sources */,
				6E2DCAAD1BB5207400591A16 /* LeftViewController.m in Sources */,
				6E20B2281B87223600E3A8DA /* main.m in Sources */,
				6E7867071BA9164700DE8B1B /* ProcessViewController.m in Sources */,
				6E6D98E11BE205DE00D45F77 /* NameDict.m in Sources */,
				6E7867111BA942C700DE8B1B /* SectionCell.m in Sources */,
				6E6D98DD1BE203B300D45F77 /* ProductViewController.m in Sources */,
				6E6D98CA1BE0AB7C00D45F77 /* HomePageRequirementCell.m in Sources */,
				6E838D9E1BE6FB3A000BF5CD /* NSArray+Ex.m in Sources */,
				6E6D988D1BDDC9C800D45F77 /* W1View.m in Sources */,
				6E07DAA81BD88DBE001461DD /* GetUserRequirement.m in Sources */,
			);
			runOnlyForDeploymentPostprocessing = 0;
		};
		6E20B2371B87223600E3A8DA /* Sources */ = {
			isa = PBXSourcesBuildPhase;
			buildActionMask = 2147483647;
			files = (
				6E20B2421B87223600E3A8DA /* jianfanjiaTests.m in Sources */,
			);
			runOnlyForDeploymentPostprocessing = 0;
		};
/* End PBXSourcesBuildPhase section */

/* Begin PBXTargetDependency section */
		6E20B23D1B87223600E3A8DA /* PBXTargetDependency */ = {
			isa = PBXTargetDependency;
			target = 6E20B2211B87223600E3A8DA /* jianfanjia */;
			targetProxy = 6E20B23C1B87223600E3A8DA /* PBXContainerItemProxy */;
		};
/* End PBXTargetDependency section */

/* Begin PBXVariantGroup section */
		6E20B2341B87223600E3A8DA /* LaunchScreen.xib */ = {
			isa = PBXVariantGroup;
			children = (
				6E20B2351B87223600E3A8DA /* Base */,
			);
			name = LaunchScreen.xib;
			sourceTree = "<group>";
		};
/* End PBXVariantGroup section */

/* Begin XCBuildConfiguration section */
		6E20B2431B87223600E3A8DA /* Debug */ = {
			isa = XCBuildConfiguration;
			buildSettings = {
				ALWAYS_SEARCH_USER_PATHS = NO;
				CLANG_CXX_LANGUAGE_STANDARD = "gnu++0x";
				CLANG_CXX_LIBRARY = "libc++";
				CLANG_ENABLE_MODULES = YES;
				CLANG_ENABLE_OBJC_ARC = YES;
				CLANG_WARN_BOOL_CONVERSION = YES;
				CLANG_WARN_CONSTANT_CONVERSION = YES;
				CLANG_WARN_DIRECT_OBJC_ISA_USAGE = YES_ERROR;
				CLANG_WARN_EMPTY_BODY = YES;
				CLANG_WARN_ENUM_CONVERSION = YES;
				CLANG_WARN_INT_CONVERSION = YES;
				CLANG_WARN_OBJC_ROOT_CLASS = YES_ERROR;
				CLANG_WARN_UNREACHABLE_CODE = YES;
				CLANG_WARN__DUPLICATE_METHOD_MATCH = YES;
				"CODE_SIGN_IDENTITY[sdk=iphoneos*]" = "iPhone Developer";
				COPY_PHASE_STRIP = NO;
				DEBUG_INFORMATION_FORMAT = "dwarf-with-dsym";
				ENABLE_STRICT_OBJC_MSGSEND = YES;
				ENABLE_TESTABILITY = YES;
				GCC_C_LANGUAGE_STANDARD = gnu99;
				GCC_DYNAMIC_NO_PIC = NO;
				GCC_NO_COMMON_BLOCKS = YES;
				GCC_OPTIMIZATION_LEVEL = 0;
				GCC_PREPROCESSOR_DEFINITIONS = (
					"DEBUG=1",
					"$(inherited)",
				);
				GCC_SYMBOLS_PRIVATE_EXTERN = NO;
				GCC_WARN_64_TO_32_BIT_CONVERSION = YES;
				GCC_WARN_ABOUT_RETURN_TYPE = YES_ERROR;
				GCC_WARN_UNDECLARED_SELECTOR = YES;
				GCC_WARN_UNINITIALIZED_AUTOS = YES_AGGRESSIVE;
				GCC_WARN_UNUSED_FUNCTION = YES;
				GCC_WARN_UNUSED_VARIABLE = YES;
				IPHONEOS_DEPLOYMENT_TARGET = 8.4;
				MTL_ENABLE_DEBUG_INFO = YES;
				ONLY_ACTIVE_ARCH = YES;
				SDKROOT = iphoneos;
				TARGETED_DEVICE_FAMILY = "1,2";
			};
			name = Debug;
		};
		6E20B2441B87223600E3A8DA /* Release */ = {
			isa = XCBuildConfiguration;
			buildSettings = {
				ALWAYS_SEARCH_USER_PATHS = NO;
				CLANG_CXX_LANGUAGE_STANDARD = "gnu++0x";
				CLANG_CXX_LIBRARY = "libc++";
				CLANG_ENABLE_MODULES = YES;
				CLANG_ENABLE_OBJC_ARC = YES;
				CLANG_WARN_BOOL_CONVERSION = YES;
				CLANG_WARN_CONSTANT_CONVERSION = YES;
				CLANG_WARN_DIRECT_OBJC_ISA_USAGE = YES_ERROR;
				CLANG_WARN_EMPTY_BODY = YES;
				CLANG_WARN_ENUM_CONVERSION = YES;
				CLANG_WARN_INT_CONVERSION = YES;
				CLANG_WARN_OBJC_ROOT_CLASS = YES_ERROR;
				CLANG_WARN_UNREACHABLE_CODE = YES;
				CLANG_WARN__DUPLICATE_METHOD_MATCH = YES;
				"CODE_SIGN_IDENTITY[sdk=iphoneos*]" = "iPhone Developer";
				COPY_PHASE_STRIP = NO;
				DEBUG_INFORMATION_FORMAT = "dwarf-with-dsym";
				ENABLE_NS_ASSERTIONS = NO;
				ENABLE_STRICT_OBJC_MSGSEND = YES;
				GCC_C_LANGUAGE_STANDARD = gnu99;
				GCC_NO_COMMON_BLOCKS = YES;
				GCC_WARN_64_TO_32_BIT_CONVERSION = YES;
				GCC_WARN_ABOUT_RETURN_TYPE = YES_ERROR;
				GCC_WARN_UNDECLARED_SELECTOR = YES;
				GCC_WARN_UNINITIALIZED_AUTOS = YES_AGGRESSIVE;
				GCC_WARN_UNUSED_FUNCTION = YES;
				GCC_WARN_UNUSED_VARIABLE = YES;
				IPHONEOS_DEPLOYMENT_TARGET = 8.4;
				MTL_ENABLE_DEBUG_INFO = NO;
				SDKROOT = iphoneos;
				TARGETED_DEVICE_FAMILY = "1,2";
				VALIDATE_PRODUCT = YES;
			};
			name = Release;
		};
		6E20B2461B87223600E3A8DA /* Debug */ = {
			isa = XCBuildConfiguration;
			baseConfigurationReference = BFE23DDA1E815FFFBCFFB23F /* Pods.debug.xcconfig */;
			buildSettings = {
				ASSETCATALOG_COMPILER_APPICON_NAME = AppIcon;
				CODE_SIGN_IDENTITY = "iPhone Developer";
				GCC_PREFIX_HEADER = jianfanjia/PrefixHeader.pch;
				INFOPLIST_FILE = jianfanjia/Info.plist;
				IPHONEOS_DEPLOYMENT_TARGET = 8.0;
				LD_RUNPATH_SEARCH_PATHS = "$(inherited)";
				PRODUCT_BUNDLE_IDENTIFIER = "com.jianfanjia.$(PRODUCT_NAME:rfc1034identifier)";
				PRODUCT_NAME = "$(TARGET_NAME)";
				TARGETED_DEVICE_FAMILY = "1,2";
			};
			name = Debug;
		};
		6E20B2471B87223600E3A8DA /* Release */ = {
			isa = XCBuildConfiguration;
			baseConfigurationReference = 87C4B416CB420D56EFD3432A /* Pods.release.xcconfig */;
			buildSettings = {
				ASSETCATALOG_COMPILER_APPICON_NAME = AppIcon;
				CODE_SIGN_IDENTITY = "iPhone Developer";
				GCC_PREFIX_HEADER = jianfanjia/PrefixHeader.pch;
				INFOPLIST_FILE = jianfanjia/Info.plist;
				IPHONEOS_DEPLOYMENT_TARGET = 8.0;
				LD_RUNPATH_SEARCH_PATHS = "$(inherited)";
				PRODUCT_BUNDLE_IDENTIFIER = "com.jianfanjia.$(PRODUCT_NAME:rfc1034identifier)";
				PRODUCT_NAME = "$(TARGET_NAME)";
				TARGETED_DEVICE_FAMILY = "1,2";
			};
			name = Release;
		};
		6E20B2491B87223600E3A8DA /* Debug */ = {
			isa = XCBuildConfiguration;
			buildSettings = {
				BUNDLE_LOADER = "$(TEST_HOST)";
				FRAMEWORK_SEARCH_PATHS = "$(inherited)";
				GCC_PREPROCESSOR_DEFINITIONS = (
					"DEBUG=1",
					"$(inherited)",
				);
				INFOPLIST_FILE = jianfanjiaTests/Info.plist;
				LD_RUNPATH_SEARCH_PATHS = "$(inherited) @executable_path/Frameworks @loader_path/Frameworks";
				PRODUCT_BUNDLE_IDENTIFIER = "com.jianfanjia.$(PRODUCT_NAME:rfc1034identifier)";
				PRODUCT_NAME = "$(TARGET_NAME)";
				TEST_HOST = "$(BUILT_PRODUCTS_DIR)/jianfanjia.app/jianfanjia";
			};
			name = Debug;
		};
		6E20B24A1B87223600E3A8DA /* Release */ = {
			isa = XCBuildConfiguration;
			buildSettings = {
				BUNDLE_LOADER = "$(TEST_HOST)";
				FRAMEWORK_SEARCH_PATHS = "$(inherited)";
				INFOPLIST_FILE = jianfanjiaTests/Info.plist;
				LD_RUNPATH_SEARCH_PATHS = "$(inherited) @executable_path/Frameworks @loader_path/Frameworks";
				PRODUCT_BUNDLE_IDENTIFIER = "com.jianfanjia.$(PRODUCT_NAME:rfc1034identifier)";
				PRODUCT_NAME = "$(TARGET_NAME)";
				TEST_HOST = "$(BUILT_PRODUCTS_DIR)/jianfanjia.app/jianfanjia";
			};
			name = Release;
		};
/* End XCBuildConfiguration section */

/* Begin XCConfigurationList section */
		6E20B21D1B87223600E3A8DA /* Build configuration list for PBXProject "jianfanjia" */ = {
			isa = XCConfigurationList;
			buildConfigurations = (
				6E20B2431B87223600E3A8DA /* Debug */,
				6E20B2441B87223600E3A8DA /* Release */,
			);
			defaultConfigurationIsVisible = 0;
			defaultConfigurationName = Release;
		};
		6E20B2451B87223600E3A8DA /* Build configuration list for PBXNativeTarget "jianfanjia" */ = {
			isa = XCConfigurationList;
			buildConfigurations = (
				6E20B2461B87223600E3A8DA /* Debug */,
				6E20B2471B87223600E3A8DA /* Release */,
			);
			defaultConfigurationIsVisible = 0;
			defaultConfigurationName = Release;
		};
		6E20B2481B87223600E3A8DA /* Build configuration list for PBXNativeTarget "jianfanjiaTests" */ = {
			isa = XCConfigurationList;
			buildConfigurations = (
				6E20B2491B87223600E3A8DA /* Debug */,
				6E20B24A1B87223600E3A8DA /* Release */,
			);
			defaultConfigurationIsVisible = 0;
			defaultConfigurationName = Release;
		};
/* End XCConfigurationList section */
	};
	rootObject = 6E20B21A1B87223600E3A8DA /* Project object */;
}
